// !$*UTF8*$!
{
	archiveVersion = 1;
	classes = {
	};
	objectVersion = 51;
	objects = {

/* Begin PBXBuildFile section */
		611D92946047CC1CC6F6C168 /* Pods_GConnect.framework in Frameworks */ = {isa = PBXBuildFile; fileRef = D9425B70F64E9871706E5B07 /* Pods_GConnect.framework */; };
		7C75DFCA26B30727002400CA /* LoungeCollectionViewCell.swift in Sources */ = {isa = PBXBuildFile; fileRef = 7C75DFC826B30727002400CA /* LoungeCollectionViewCell.swift */; };
		7C75DFCB26B30727002400CA /* LoungeCollectionViewCell.xib in Resources */ = {isa = PBXBuildFile; fileRef = 7C75DFC926B30727002400CA /* LoungeCollectionViewCell.xib */; };
		7C75DFCE26B30BAA002400CA /* RoleCollectionViewCell.swift in Sources */ = {isa = PBXBuildFile; fileRef = 7C75DFCC26B30BAA002400CA /* RoleCollectionViewCell.swift */; };
		7C75DFCF26B30BAA002400CA /* RoleCollectionViewCell.xib in Resources */ = {isa = PBXBuildFile; fileRef = 7C75DFCD26B30BAA002400CA /* RoleCollectionViewCell.xib */; };
		7CB3A24C26B29EDD00259119 /* DetailLounge.storyboard in Resources */ = {isa = PBXBuildFile; fileRef = 7CB3A24B26B29EDD00259119 /* DetailLounge.storyboard */; };
		7CB3A25426B2ABDF00259119 /* DetailLoungeViewController.swift in Sources */ = {isa = PBXBuildFile; fileRef = 7CB3A25326B2ABDF00259119 /* DetailLoungeViewController.swift */; };
		8405A5F226B1546A009D1375 /* SignUpViewController.swift in Sources */ = {isa = PBXBuildFile; fileRef = 8405A5F026B15466009D1375 /* SignUpViewController.swift */; };
		8405A5F326B1546A009D1375 /* SignUp.storyboard in Resources */ = {isa = PBXBuildFile; fileRef = 8405A5F126B1546A009D1375 /* SignUp.storyboard */; };
		8405A5F526B15493009D1375 /* StoreDataAuth.swift in Sources */ = {isa = PBXBuildFile; fileRef = 8405A5F426B15493009D1375 /* StoreDataAuth.swift */; };
		8405A5FC26B155D8009D1375 /* PaddingTextField.swift in Sources */ = {isa = PBXBuildFile; fileRef = 8405A5F926B155D5009D1375 /* PaddingTextField.swift */; };
		8405A5FD26B155D8009D1375 /* HideKeyboard.swift in Sources */ = {isa = PBXBuildFile; fileRef = 8405A5FA26B155D7009D1375 /* HideKeyboard.swift */; };
		8405A5FE26B155D8009D1375 /* BottomLineTextField.swift in Sources */ = {isa = PBXBuildFile; fileRef = 8405A5FB26B155D8009D1375 /* BottomLineTextField.swift */; };
		8405A60026B155E4009D1375 /* CheckEmail.swift in Sources */ = {isa = PBXBuildFile; fileRef = 8405A5FF26B155E4009D1375 /* CheckEmail.swift */; };
		8405A60226B155FD009D1375 /* PageControl.swift in Sources */ = {isa = PBXBuildFile; fileRef = 8405A60126B155FD009D1375 /* PageControl.swift */; };
		84BB975926B12D730024A98B /* AuthLogin.swift in Sources */ = {isa = PBXBuildFile; fileRef = 84BB975826B12D730024A98B /* AuthLogin.swift */; };
		84D9367426B2839A00E29F12 /* RequirementExploreLoungeCollectionViewCell.xib in Resources */ = {isa = PBXBuildFile; fileRef = 84D9367026B2839900E29F12 /* RequirementExploreLoungeCollectionViewCell.xib */; };
		84D9367526B2839A00E29F12 /* RequirementExploreLoungeCollectionViewCell.swift in Sources */ = {isa = PBXBuildFile; fileRef = 84D9367126B2839A00E29F12 /* RequirementExploreLoungeCollectionViewCell.swift */; };
		84D9367626B2839A00E29F12 /* ExploreLoungeCell.swift in Sources */ = {isa = PBXBuildFile; fileRef = 84D9367226B2839A00E29F12 /* ExploreLoungeCell.swift */; };
		84D9367726B2839A00E29F12 /* ExploreLoungeCell.xib in Resources */ = {isa = PBXBuildFile; fileRef = 84D9367326B2839A00E29F12 /* ExploreLoungeCell.xib */; };
		84D9367D26B283E300E29F12 /* ExploreLounge.storyboard in Resources */ = {isa = PBXBuildFile; fileRef = 84D9367C26B283E300E29F12 /* ExploreLounge.storyboard */; };
		84D9367F26B283EA00E29F12 /* ExploreLoungeViewController.swift in Sources */ = {isa = PBXBuildFile; fileRef = 84D9367E26B283EA00E29F12 /* ExploreLoungeViewController.swift */; };
		84D9368426B285A500E29F12 /* Struct.swift in Sources */ = {isa = PBXBuildFile; fileRef = 84D9368326B285A500E29F12 /* Struct.swift */; };
		84D9368A26B289D100E29F12 /* Choose game detail.storyboard in Resources */ = {isa = PBXBuildFile; fileRef = 84D9368926B289D100E29F12 /* Choose game detail.storyboard */; };
		84D9368C26B289E500E29F12 /* Game.swift in Sources */ = {isa = PBXBuildFile; fileRef = 84D9368B26B289E500E29F12 /* Game.swift */; };
		84D9368F26B289F500E29F12 /* ChooseGameViewController.swift in Sources */ = {isa = PBXBuildFile; fileRef = 84D9368D26B289F500E29F12 /* ChooseGameViewController.swift */; };
		84D9369026B289F500E29F12 /* GameCollectionViewCell.swift in Sources */ = {isa = PBXBuildFile; fileRef = 84D9368E26B289F500E29F12 /* GameCollectionViewCell.swift */; };
		84D9369826B2908F00E29F12 /* CreateLoungeVC.swift in Sources */ = {isa = PBXBuildFile; fileRef = 84D9369726B2908F00E29F12 /* CreateLoungeVC.swift */; };
		84D9369A26B2909400E29F12 /* CreateLounge.storyboard in Resources */ = {isa = PBXBuildFile; fileRef = 84D9369926B2909400E29F12 /* CreateLounge.storyboard */; };
		E02FC20726B174FE00963710 /* DatePicker.swift in Sources */ = {isa = PBXBuildFile; fileRef = E02FC20626B174FE00963710 /* DatePicker.swift */; };
		E02FC20926B2B07400963710 /* CreateGameDetailViewController.swift in Sources */ = {isa = PBXBuildFile; fileRef = E02FC20826B2B07400963710 /* CreateGameDetailViewController.swift */; };
		E04E0FE126B0058200A81F92 /* AppDelegate.swift in Sources */ = {isa = PBXBuildFile; fileRef = E04E0FE026B0058200A81F92 /* AppDelegate.swift */; };
		E04E0FE326B0058200A81F92 /* SceneDelegate.swift in Sources */ = {isa = PBXBuildFile; fileRef = E04E0FE226B0058200A81F92 /* SceneDelegate.swift */; };
		E04E0FEA26B0058500A81F92 /* Assets.xcassets in Resources */ = {isa = PBXBuildFile; fileRef = E04E0FE926B0058500A81F92 /* Assets.xcassets */; };
		E04E0FED26B0058500A81F92 /* LaunchScreen.storyboard in Resources */ = {isa = PBXBuildFile; fileRef = E04E0FEB26B0058500A81F92 /* LaunchScreen.storyboard */; };
		E04E100C26B00A1D00A81F92 /* LoginViewController.swift in Sources */ = {isa = PBXBuildFile; fileRef = E04E100A26B00A1D00A81F92 /* LoginViewController.swift */; };
		E04E101126B019D900A81F92 /* Login.storyboard in Resources */ = {isa = PBXBuildFile; fileRef = E04E101026B019D900A81F92 /* Login.storyboard */; };
		E04E101326B01D1200A81F92 /* GoogleService-Info.plist in Resources */ = {isa = PBXBuildFile; fileRef = E04E101226B01D1200A81F92 /* GoogleService-Info.plist */; };
/* End PBXBuildFile section */

/* Begin PBXFileReference section */
		64CD961C1288F8B7BC7C940A /* Pods-GConnect.debug.xcconfig */ = {isa = PBXFileReference; includeInIndex = 1; lastKnownFileType = text.xcconfig; name = "Pods-GConnect.debug.xcconfig"; path = "Target Support Files/Pods-GConnect/Pods-GConnect.debug.xcconfig"; sourceTree = "<group>"; };
		7C75DFC826B30727002400CA /* LoungeCollectionViewCell.swift */ = {isa = PBXFileReference; lastKnownFileType = sourcecode.swift; path = LoungeCollectionViewCell.swift; sourceTree = "<group>"; };
		7C75DFC926B30727002400CA /* LoungeCollectionViewCell.xib */ = {isa = PBXFileReference; lastKnownFileType = file.xib; path = LoungeCollectionViewCell.xib; sourceTree = "<group>"; };
		7C75DFCC26B30BAA002400CA /* RoleCollectionViewCell.swift */ = {isa = PBXFileReference; lastKnownFileType = sourcecode.swift; path = RoleCollectionViewCell.swift; sourceTree = "<group>"; };
		7C75DFCD26B30BAA002400CA /* RoleCollectionViewCell.xib */ = {isa = PBXFileReference; lastKnownFileType = file.xib; path = RoleCollectionViewCell.xib; sourceTree = "<group>"; };
		7CB3A24B26B29EDD00259119 /* DetailLounge.storyboard */ = {isa = PBXFileReference; lastKnownFileType = file.storyboard; path = DetailLounge.storyboard; sourceTree = "<group>"; };
		7CB3A25326B2ABDF00259119 /* DetailLoungeViewController.swift */ = {isa = PBXFileReference; lastKnownFileType = sourcecode.swift; path = DetailLoungeViewController.swift; sourceTree = "<group>"; };
		8405A5F026B15466009D1375 /* SignUpViewController.swift */ = {isa = PBXFileReference; fileEncoding = 4; lastKnownFileType = sourcecode.swift; path = SignUpViewController.swift; sourceTree = "<group>"; };
		8405A5F126B1546A009D1375 /* SignUp.storyboard */ = {isa = PBXFileReference; fileEncoding = 4; lastKnownFileType = file.storyboard; path = SignUp.storyboard; sourceTree = "<group>"; };
		8405A5F426B15493009D1375 /* StoreDataAuth.swift */ = {isa = PBXFileReference; lastKnownFileType = sourcecode.swift; path = StoreDataAuth.swift; sourceTree = "<group>"; };
		8405A5F926B155D5009D1375 /* PaddingTextField.swift */ = {isa = PBXFileReference; fileEncoding = 4; lastKnownFileType = sourcecode.swift; path = PaddingTextField.swift; sourceTree = "<group>"; };
		8405A5FA26B155D7009D1375 /* HideKeyboard.swift */ = {isa = PBXFileReference; fileEncoding = 4; lastKnownFileType = sourcecode.swift; path = HideKeyboard.swift; sourceTree = "<group>"; };
		8405A5FB26B155D8009D1375 /* BottomLineTextField.swift */ = {isa = PBXFileReference; fileEncoding = 4; lastKnownFileType = sourcecode.swift; path = BottomLineTextField.swift; sourceTree = "<group>"; };
		8405A5FF26B155E4009D1375 /* CheckEmail.swift */ = {isa = PBXFileReference; fileEncoding = 4; lastKnownFileType = sourcecode.swift; path = CheckEmail.swift; sourceTree = "<group>"; };
		8405A60126B155FD009D1375 /* PageControl.swift */ = {isa = PBXFileReference; lastKnownFileType = sourcecode.swift; path = PageControl.swift; sourceTree = "<group>"; };
		84BB975826B12D730024A98B /* AuthLogin.swift */ = {isa = PBXFileReference; lastKnownFileType = sourcecode.swift; path = AuthLogin.swift; sourceTree = "<group>"; };
		84D9367026B2839900E29F12 /* RequirementExploreLoungeCollectionViewCell.xib */ = {isa = PBXFileReference; fileEncoding = 4; lastKnownFileType = file.xib; path = RequirementExploreLoungeCollectionViewCell.xib; sourceTree = "<group>"; };
		84D9367126B2839A00E29F12 /* RequirementExploreLoungeCollectionViewCell.swift */ = {isa = PBXFileReference; fileEncoding = 4; lastKnownFileType = sourcecode.swift; path = RequirementExploreLoungeCollectionViewCell.swift; sourceTree = "<group>"; };
		84D9367226B2839A00E29F12 /* ExploreLoungeCell.swift */ = {isa = PBXFileReference; fileEncoding = 4; lastKnownFileType = sourcecode.swift; path = ExploreLoungeCell.swift; sourceTree = "<group>"; };
		84D9367326B2839A00E29F12 /* ExploreLoungeCell.xib */ = {isa = PBXFileReference; fileEncoding = 4; lastKnownFileType = file.xib; path = ExploreLoungeCell.xib; sourceTree = "<group>"; };
		84D9367C26B283E300E29F12 /* ExploreLounge.storyboard */ = {isa = PBXFileReference; fileEncoding = 4; lastKnownFileType = file.storyboard; path = ExploreLounge.storyboard; sourceTree = "<group>"; };
		84D9367E26B283EA00E29F12 /* ExploreLoungeViewController.swift */ = {isa = PBXFileReference; fileEncoding = 4; lastKnownFileType = sourcecode.swift; path = ExploreLoungeViewController.swift; sourceTree = "<group>"; };
		84D9368326B285A500E29F12 /* Struct.swift */ = {isa = PBXFileReference; lastKnownFileType = sourcecode.swift; path = Struct.swift; sourceTree = "<group>"; };
		84D9368926B289D100E29F12 /* Choose game detail.storyboard */ = {isa = PBXFileReference; fileEncoding = 4; lastKnownFileType = file.storyboard; path = "Choose game detail.storyboard"; sourceTree = "<group>"; };
		84D9368B26B289E500E29F12 /* Game.swift */ = {isa = PBXFileReference; fileEncoding = 4; lastKnownFileType = sourcecode.swift; path = Game.swift; sourceTree = "<group>"; };
		84D9368D26B289F500E29F12 /* ChooseGameViewController.swift */ = {isa = PBXFileReference; fileEncoding = 4; lastKnownFileType = sourcecode.swift; path = ChooseGameViewController.swift; sourceTree = "<group>"; };
		84D9368E26B289F500E29F12 /* GameCollectionViewCell.swift */ = {isa = PBXFileReference; fileEncoding = 4; lastKnownFileType = sourcecode.swift; path = GameCollectionViewCell.swift; sourceTree = "<group>"; };
		84D9369726B2908F00E29F12 /* CreateLoungeVC.swift */ = {isa = PBXFileReference; fileEncoding = 4; lastKnownFileType = sourcecode.swift; path = CreateLoungeVC.swift; sourceTree = "<group>"; };
		84D9369926B2909400E29F12 /* CreateLounge.storyboard */ = {isa = PBXFileReference; fileEncoding = 4; lastKnownFileType = file.storyboard; path = CreateLounge.storyboard; sourceTree = "<group>"; };
		85B0446085D3146B31E566FE /* Pods-GConnect.release.xcconfig */ = {isa = PBXFileReference; includeInIndex = 1; lastKnownFileType = text.xcconfig; name = "Pods-GConnect.release.xcconfig"; path = "Target Support Files/Pods-GConnect/Pods-GConnect.release.xcconfig"; sourceTree = "<group>"; };
		D9425B70F64E9871706E5B07 /* Pods_GConnect.framework */ = {isa = PBXFileReference; explicitFileType = wrapper.framework; includeInIndex = 0; path = Pods_GConnect.framework; sourceTree = BUILT_PRODUCTS_DIR; };
		E02FC20626B174FE00963710 /* DatePicker.swift */ = {isa = PBXFileReference; lastKnownFileType = sourcecode.swift; path = DatePicker.swift; sourceTree = "<group>"; };
		E02FC20826B2B07400963710 /* CreateGameDetailViewController.swift */ = {isa = PBXFileReference; lastKnownFileType = sourcecode.swift; path = CreateGameDetailViewController.swift; sourceTree = "<group>"; };
		E04E0FDD26B0058200A81F92 /* GConnect.app */ = {isa = PBXFileReference; explicitFileType = wrapper.application; includeInIndex = 0; path = GConnect.app; sourceTree = BUILT_PRODUCTS_DIR; };
		E04E0FE026B0058200A81F92 /* AppDelegate.swift */ = {isa = PBXFileReference; lastKnownFileType = sourcecode.swift; path = AppDelegate.swift; sourceTree = "<group>"; };
		E04E0FE226B0058200A81F92 /* SceneDelegate.swift */ = {isa = PBXFileReference; lastKnownFileType = sourcecode.swift; path = SceneDelegate.swift; sourceTree = "<group>"; };
		E04E0FE926B0058500A81F92 /* Assets.xcassets */ = {isa = PBXFileReference; lastKnownFileType = folder.assetcatalog; path = Assets.xcassets; sourceTree = "<group>"; };
		E04E0FEC26B0058500A81F92 /* Base */ = {isa = PBXFileReference; lastKnownFileType = file.storyboard; name = Base; path = Base.lproj/LaunchScreen.storyboard; sourceTree = "<group>"; };
		E04E0FEE26B0058500A81F92 /* Info.plist */ = {isa = PBXFileReference; lastKnownFileType = text.plist.xml; path = Info.plist; sourceTree = "<group>"; };
		E04E100A26B00A1D00A81F92 /* LoginViewController.swift */ = {isa = PBXFileReference; lastKnownFileType = sourcecode.swift; path = LoginViewController.swift; sourceTree = "<group>"; };
		E04E101026B019D900A81F92 /* Login.storyboard */ = {isa = PBXFileReference; lastKnownFileType = file.storyboard; path = Login.storyboard; sourceTree = "<group>"; };
		E04E101226B01D1200A81F92 /* GoogleService-Info.plist */ = {isa = PBXFileReference; fileEncoding = 4; lastKnownFileType = text.plist.xml; path = "GoogleService-Info.plist"; sourceTree = "<group>"; };
/* End PBXFileReference section */

/* Begin PBXFrameworksBuildPhase section */
		E04E0FDA26B0058200A81F92 /* Frameworks */ = {
			isa = PBXFrameworksBuildPhase;
			buildActionMask = 2147483647;
			files = (
				611D92946047CC1CC6F6C168 /* Pods_GConnect.framework in Frameworks */,
			);
			runOnlyForDeploymentPostprocessing = 0;
		};
/* End PBXFrameworksBuildPhase section */

/* Begin PBXGroup section */
		79298248453A0E74CA71D6B3 /* Frameworks */ = {
			isa = PBXGroup;
			children = (
				D9425B70F64E9871706E5B07 /* Pods_GConnect.framework */,
			);
			name = Frameworks;
			sourceTree = "<group>";
		};
		7CB3A24726B29DE300259119 /* Detail Lounge */ = {
			isa = PBXGroup;
			children = (
				7CB3A24826B29DF000259119 /* Model */,
				7CB3A24926B29DF600259119 /* View Model */,
				7CB3A24A26B29DFF00259119 /* View */,
			);
			path = "Detail Lounge";
			sourceTree = "<group>";
		};
		7CB3A24826B29DF000259119 /* Model */ = {
			isa = PBXGroup;
			children = (
				7C75DFC826B30727002400CA /* LoungeCollectionViewCell.swift */,
				7C75DFC926B30727002400CA /* LoungeCollectionViewCell.xib */,
				7C75DFCC26B30BAA002400CA /* RoleCollectionViewCell.swift */,
				7C75DFCD26B30BAA002400CA /* RoleCollectionViewCell.xib */,
			);
			path = Model;
			sourceTree = "<group>";
		};
		7CB3A24926B29DF600259119 /* View Model */ = {
			isa = PBXGroup;
			children = (
			);
			path = "View Model";
			sourceTree = "<group>";
		};
		7CB3A24A26B29DFF00259119 /* View */ = {
			isa = PBXGroup;
			children = (
				7CB3A24B26B29EDD00259119 /* DetailLounge.storyboard */,
				7CB3A25326B2ABDF00259119 /* DetailLoungeViewController.swift */,
			);
			path = View;
			sourceTree = "<group>";
		};
		8405A5EC26B15427009D1375 /* SignUp */ = {
			isa = PBXGroup;
			children = (
				8405A5EF26B1543D009D1375 /* Model */,
				8405A5EE26B15435009D1375 /* ViewModel */,
				8405A5ED26B1542F009D1375 /* View */,
			);
			path = SignUp;
			sourceTree = "<group>";
		};
		8405A5ED26B1542F009D1375 /* View */ = {
			isa = PBXGroup;
			children = (
				8405A5F126B1546A009D1375 /* SignUp.storyboard */,
				8405A5F026B15466009D1375 /* SignUpViewController.swift */,
			);
			name = View;
			path = "../New Group/View";
			sourceTree = "<group>";
		};
		8405A5EE26B15435009D1375 /* ViewModel */ = {
			isa = PBXGroup;
			children = (
			);
			path = ViewModel;
			sourceTree = "<group>";
		};
		8405A5EF26B1543D009D1375 /* Model */ = {
			isa = PBXGroup;
			children = (
				8405A5F426B15493009D1375 /* StoreDataAuth.swift */,
			);
			path = Model;
			sourceTree = "<group>";
		};
		8405A5F626B15599009D1375 /* Utilities */ = {
			isa = PBXGroup;
			children = (
				8405A5FB26B155D8009D1375 /* BottomLineTextField.swift */,
				8405A5FA26B155D7009D1375 /* HideKeyboard.swift */,
				8405A5F926B155D5009D1375 /* PaddingTextField.swift */,
				E02FC20626B174FE00963710 /* DatePicker.swift */,
			);
			path = Utilities;
			sourceTree = "<group>";
		};
		8405A5F726B155AF009D1375 /* PageControl */ = {
			isa = PBXGroup;
			children = (
				8405A60126B155FD009D1375 /* PageControl.swift */,
			);
			path = PageControl;
			sourceTree = "<group>";
		};
		8405A5F826B155C2009D1375 /* Validation */ = {
			isa = PBXGroup;
			children = (
				8405A5FF26B155E4009D1375 /* CheckEmail.swift */,
			);
			path = Validation;
			sourceTree = "<group>";
		};
		84BB975726B12D610024A98B /* Model */ = {
			isa = PBXGroup;
			children = (
				84BB975826B12D730024A98B /* AuthLogin.swift */,
			);
			path = Model;
			sourceTree = "<group>";
		};
		84D9366D26B2836A00E29F12 /* Themes */ = {
			isa = PBXGroup;
			children = (
				84D9366E26B2837700E29F12 /* UI */,
			);
			path = Themes;
			sourceTree = "<group>";
		};
		84D9366E26B2837700E29F12 /* UI */ = {
			isa = PBXGroup;
			children = (
				84D9366F26B2838200E29F12 /* ExploreLoungeCell */,
			);
			path = UI;
			sourceTree = "<group>";
		};
		84D9366F26B2838200E29F12 /* ExploreLoungeCell */ = {
			isa = PBXGroup;
			children = (
				84D9367226B2839A00E29F12 /* ExploreLoungeCell.swift */,
				84D9367326B2839A00E29F12 /* ExploreLoungeCell.xib */,
				84D9367126B2839A00E29F12 /* RequirementExploreLoungeCollectionViewCell.swift */,
				84D9367026B2839900E29F12 /* RequirementExploreLoungeCollectionViewCell.xib */,
			);
			path = ExploreLoungeCell;
			sourceTree = "<group>";
		};
		84D9367826B283BD00E29F12 /* Explore Lounge */ = {
			isa = PBXGroup;
			children = (
				84D9367B26B283D100E29F12 /* View Model */,
				84D9367A26B283CC00E29F12 /* Model */,
				84D9367926B283C800E29F12 /* View */,
			);
			path = "Explore Lounge";
			sourceTree = "<group>";
		};
		84D9367926B283C800E29F12 /* View */ = {
			isa = PBXGroup;
			children = (
				84D9367C26B283E300E29F12 /* ExploreLounge.storyboard */,
				84D9367E26B283EA00E29F12 /* ExploreLoungeViewController.swift */,
			);
			path = View;
			sourceTree = "<group>";
		};
		84D9367A26B283CC00E29F12 /* Model */ = {
			isa = PBXGroup;
			children = (
			);
			path = Model;
			sourceTree = "<group>";
		};
		84D9367B26B283D100E29F12 /* View Model */ = {
			isa = PBXGroup;
			children = (
			);
			path = "View Model";
			sourceTree = "<group>";
		};
		84D9368026B2858500E29F12 /* Struct */ = {
			isa = PBXGroup;
			children = (
				84D9368326B285A500E29F12 /* Struct.swift */,
			);
			path = Struct;
			sourceTree = "<group>";
		};
		84D9368526B289B000E29F12 /* Create Profile */ = {
			isa = PBXGroup;
			children = (
				84D9368826B289C400E29F12 /* View Model */,
				84D9368726B289BE00E29F12 /* View */,
				84D9368626B289B900E29F12 /* Model */,
			);
			path = "Create Profile";
			sourceTree = "<group>";
		};
		84D9368626B289B900E29F12 /* Model */ = {
			isa = PBXGroup;
			children = (
				84D9368B26B289E500E29F12 /* Game.swift */,
			);
			path = Model;
			sourceTree = "<group>";
		};
		84D9368726B289BE00E29F12 /* View */ = {
			isa = PBXGroup;
			children = (
				84D9368D26B289F500E29F12 /* ChooseGameViewController.swift */,
				E02FC20826B2B07400963710 /* CreateGameDetailViewController.swift */,
				84D9368926B289D100E29F12 /* Choose game detail.storyboard */,
			);
			path = View;
			sourceTree = "<group>";
		};
		84D9368826B289C400E29F12 /* View Model */ = {
			isa = PBXGroup;
			children = (
				84D9368E26B289F500E29F12 /* GameCollectionViewCell.swift */,
			);
			path = "View Model";
			sourceTree = "<group>";
		};
		84D9369326B2904D00E29F12 /* Create Lounge */ = {
			isa = PBXGroup;
			children = (
				84D9369626B2908500E29F12 /* Model */,
				84D9369526B2907D00E29F12 /* View Model */,
				84D9369426B2907700E29F12 /* View */,
			);
			path = "Create Lounge";
			sourceTree = "<group>";
		};
		84D9369426B2907700E29F12 /* View */ = {
			isa = PBXGroup;
			children = (
				84D9369926B2909400E29F12 /* CreateLounge.storyboard */,
			);
			path = View;
			sourceTree = "<group>";
		};
		84D9369526B2907D00E29F12 /* View Model */ = {
			isa = PBXGroup;
			children = (
				84D9369726B2908F00E29F12 /* CreateLoungeVC.swift */,
			);
			path = "View Model";
			sourceTree = "<group>";
		};
		84D9369626B2908500E29F12 /* Model */ = {
			isa = PBXGroup;
			children = (
			);
			path = Model;
			sourceTree = "<group>";
		};
		E04E0FD426B0058200A81F92 = {
			isa = PBXGroup;
			children = (
				E04E0FDF26B0058200A81F92 /* GConnect */,
				E04E0FDE26B0058200A81F92 /* Products */,
				E5781C8DB87779570753F36A /* Pods */,
				79298248453A0E74CA71D6B3 /* Frameworks */,
			);
			sourceTree = "<group>";
		};
		E04E0FDE26B0058200A81F92 /* Products */ = {
			isa = PBXGroup;
			children = (
				E04E0FDD26B0058200A81F92 /* GConnect.app */,
			);
			name = Products;
			sourceTree = "<group>";
		};
		E04E0FDF26B0058200A81F92 /* GConnect */ = {
			isa = PBXGroup;
			children = (
				84D9366D26B2836A00E29F12 /* Themes */,
				E04E100526B0085400A81F92 /* Helper */,
				E04E0FF426B0059800A81F92 /* Features */,
				E04E0FE026B0058200A81F92 /* AppDelegate.swift */,
				E04E0FE226B0058200A81F92 /* SceneDelegate.swift */,
				E04E0FE926B0058500A81F92 /* Assets.xcassets */,
				E04E0FEB26B0058500A81F92 /* LaunchScreen.storyboard */,
				E04E101226B01D1200A81F92 /* GoogleService-Info.plist */,
				E04E0FEE26B0058500A81F92 /* Info.plist */,
			);
			path = GConnect;
			sourceTree = "<group>";
		};
		E04E0FF426B0059800A81F92 /* Features */ = {
			isa = PBXGroup;
			children = (
				7CB3A24726B29DE300259119 /* Detail Lounge */,
				84D9369326B2904D00E29F12 /* Create Lounge */,
				84D9368526B289B000E29F12 /* Create Profile */,
				84D9367826B283BD00E29F12 /* Explore Lounge */,
				8405A5EC26B15427009D1375 /* SignUp */,
				E04E0FF526B005AC00A81F92 /* Login */,
			);
			path = Features;
			sourceTree = "<group>";
		};
		E04E0FF526B005AC00A81F92 /* Login */ = {
			isa = PBXGroup;
			children = (
				84BB975726B12D610024A98B /* Model */,
				E04E0FF826B005D900A81F92 /* ViewModel */,
				E04E0FF726B005D200A81F92 /* View */,
			);
			path = Login;
			sourceTree = "<group>";
		};
		E04E0FF726B005D200A81F92 /* View */ = {
			isa = PBXGroup;
			children = (
				E04E100A26B00A1D00A81F92 /* LoginViewController.swift */,
				E04E101026B019D900A81F92 /* Login.storyboard */,
			);
			path = View;
			sourceTree = "<group>";
		};
		E04E0FF826B005D900A81F92 /* ViewModel */ = {
			isa = PBXGroup;
			children = (
			);
			path = ViewModel;
			sourceTree = "<group>";
		};
		E04E100526B0085400A81F92 /* Helper */ = {
			isa = PBXGroup;
			children = (
				84D9368026B2858500E29F12 /* Struct */,
				8405A5F826B155C2009D1375 /* Validation */,
				8405A5F726B155AF009D1375 /* PageControl */,
				8405A5F626B15599009D1375 /* Utilities */,
				E04E100626B0086700A81F92 /* Network */,
			);
			path = Helper;
			sourceTree = "<group>";
		};
		E04E100626B0086700A81F92 /* Network */ = {
			isa = PBXGroup;
			children = (
			);
			path = Network;
			sourceTree = "<group>";
		};
		E5781C8DB87779570753F36A /* Pods */ = {
			isa = PBXGroup;
			children = (
				64CD961C1288F8B7BC7C940A /* Pods-GConnect.debug.xcconfig */,
				85B0446085D3146B31E566FE /* Pods-GConnect.release.xcconfig */,
			);
			path = Pods;
			sourceTree = "<group>";
		};
/* End PBXGroup section */

/* Begin PBXNativeTarget section */
		E04E0FDC26B0058200A81F92 /* GConnect */ = {
			isa = PBXNativeTarget;
			buildConfigurationList = E04E0FF126B0058500A81F92 /* Build configuration list for PBXNativeTarget "GConnect" */;
			buildPhases = (
				4D7E0D0ABBE414FB06EC73A7 /* [CP] Check Pods Manifest.lock */,
				E04E0FD926B0058200A81F92 /* Sources */,
				E04E0FDA26B0058200A81F92 /* Frameworks */,
				E04E0FDB26B0058200A81F92 /* Resources */,
				D1FAE1AAD759A07662FE987F /* [CP] Embed Pods Frameworks */,
			);
			buildRules = (
			);
			dependencies = (
			);
			name = GConnect;
			productName = GConnect;
			productReference = E04E0FDD26B0058200A81F92 /* GConnect.app */;
			productType = "com.apple.product-type.application";
		};
/* End PBXNativeTarget section */

/* Begin PBXProject section */
		E04E0FD526B0058200A81F92 /* Project object */ = {
			isa = PBXProject;
			attributes = {
				LastSwiftUpdateCheck = 1250;
				LastUpgradeCheck = 1250;
				TargetAttributes = {
					E04E0FDC26B0058200A81F92 = {
						CreatedOnToolsVersion = 12.5.1;
					};
				};
			};
			buildConfigurationList = E04E0FD826B0058200A81F92 /* Build configuration list for PBXProject "GConnect" */;
			compatibilityVersion = "Xcode 9.3";
			developmentRegion = en;
			hasScannedForEncodings = 0;
			knownRegions = (
				en,
				Base,
			);
			mainGroup = E04E0FD426B0058200A81F92;
			productRefGroup = E04E0FDE26B0058200A81F92 /* Products */;
			projectDirPath = "";
			projectRoot = "";
			targets = (
				E04E0FDC26B0058200A81F92 /* GConnect */,
			);
		};
/* End PBXProject section */

/* Begin PBXResourcesBuildPhase section */
		E04E0FDB26B0058200A81F92 /* Resources */ = {
			isa = PBXResourcesBuildPhase;
			buildActionMask = 2147483647;
			files = (
				84D9367D26B283E300E29F12 /* ExploreLounge.storyboard in Resources */,
				84D9367426B2839A00E29F12 /* RequirementExploreLoungeCollectionViewCell.xib in Resources */,
				7C75DFCB26B30727002400CA /* LoungeCollectionViewCell.xib in Resources */,
				E04E0FED26B0058500A81F92 /* LaunchScreen.storyboard in Resources */,
				E04E101326B01D1200A81F92 /* GoogleService-Info.plist in Resources */,
				7C75DFCF26B30BAA002400CA /* RoleCollectionViewCell.xib in Resources */,
				84D9367726B2839A00E29F12 /* ExploreLoungeCell.xib in Resources */,
				E04E0FEA26B0058500A81F92 /* Assets.xcassets in Resources */,
				E04E101126B019D900A81F92 /* Login.storyboard in Resources */,
				8405A5F326B1546A009D1375 /* SignUp.storyboard in Resources */,
				7CB3A24C26B29EDD00259119 /* DetailLounge.storyboard in Resources */,
				84D9369A26B2909400E29F12 /* CreateLounge.storyboard in Resources */,
				84D9368A26B289D100E29F12 /* Choose game detail.storyboard in Resources */,
			);
			runOnlyForDeploymentPostprocessing = 0;
		};
/* End PBXResourcesBuildPhase section */

/* Begin PBXShellScriptBuildPhase section */
		4D7E0D0ABBE414FB06EC73A7 /* [CP] Check Pods Manifest.lock */ = {
			isa = PBXShellScriptBuildPhase;
			buildActionMask = 2147483647;
			files = (
			);
			inputFileListPaths = (
			);
			inputPaths = (
				"${PODS_PODFILE_DIR_PATH}/Podfile.lock",
				"${PODS_ROOT}/Manifest.lock",
			);
			name = "[CP] Check Pods Manifest.lock";
			outputFileListPaths = (
			);
			outputPaths = (
				"$(DERIVED_FILE_DIR)/Pods-GConnect-checkManifestLockResult.txt",
			);
			runOnlyForDeploymentPostprocessing = 0;
			shellPath = /bin/sh;
			shellScript = "diff \"${PODS_PODFILE_DIR_PATH}/Podfile.lock\" \"${PODS_ROOT}/Manifest.lock\" > /dev/null\nif [ $? != 0 ] ; then\n    # print error to STDERR\n    echo \"error: The sandbox is not in sync with the Podfile.lock. Run 'pod install' or update your CocoaPods installation.\" >&2\n    exit 1\nfi\n# This output is used by Xcode 'outputs' to avoid re-running this script phase.\necho \"SUCCESS\" > \"${SCRIPT_OUTPUT_FILE_0}\"\n";
			showEnvVarsInLog = 0;
		};
		D1FAE1AAD759A07662FE987F /* [CP] Embed Pods Frameworks */ = {
			isa = PBXShellScriptBuildPhase;
			buildActionMask = 2147483647;
			files = (
			);
			inputFileListPaths = (
				"${PODS_ROOT}/Target Support Files/Pods-GConnect/Pods-GConnect-frameworks-${CONFIGURATION}-input-files.xcfilelist",
			);
			name = "[CP] Embed Pods Frameworks";
			outputFileListPaths = (
				"${PODS_ROOT}/Target Support Files/Pods-GConnect/Pods-GConnect-frameworks-${CONFIGURATION}-output-files.xcfilelist",
			);
			runOnlyForDeploymentPostprocessing = 0;
			shellPath = /bin/sh;
			shellScript = "\"${PODS_ROOT}/Target Support Files/Pods-GConnect/Pods-GConnect-frameworks.sh\"\n";
			showEnvVarsInLog = 0;
		};
/* End PBXShellScriptBuildPhase section */

/* Begin PBXSourcesBuildPhase section */
		E04E0FD926B0058200A81F92 /* Sources */ = {
			isa = PBXSourcesBuildPhase;
			buildActionMask = 2147483647;
			files = (
				8405A5FD26B155D8009D1375 /* HideKeyboard.swift in Sources */,
				8405A60026B155E4009D1375 /* CheckEmail.swift in Sources */,
				E04E100C26B00A1D00A81F92 /* LoginViewController.swift in Sources */,
				84D9369826B2908F00E29F12 /* CreateLoungeVC.swift in Sources */,
				7CB3A25426B2ABDF00259119 /* DetailLoungeViewController.swift in Sources */,
				84D9367626B2839A00E29F12 /* ExploreLoungeCell.swift in Sources */,
				8405A5F526B15493009D1375 /* StoreDataAuth.swift in Sources */,
				84D9368F26B289F500E29F12 /* ChooseGameViewController.swift in Sources */,
				7C75DFCE26B30BAA002400CA /* RoleCollectionViewCell.swift in Sources */,
				84D9369026B289F500E29F12 /* GameCollectionViewCell.swift in Sources */,
				8405A5FC26B155D8009D1375 /* PaddingTextField.swift in Sources */,
				84D9367526B2839A00E29F12 /* RequirementExploreLoungeCollectionViewCell.swift in Sources */,
				84BB975926B12D730024A98B /* AuthLogin.swift in Sources */,
				E04E0FE126B0058200A81F92 /* AppDelegate.swift in Sources */,
				E04E0FE326B0058200A81F92 /* SceneDelegate.swift in Sources */,
				8405A60226B155FD009D1375 /* PageControl.swift in Sources */,
				8405A5F226B1546A009D1375 /* SignUpViewController.swift in Sources */,
				84D9368426B285A500E29F12 /* Struct.swift in Sources */,
				7C75DFCA26B30727002400CA /* LoungeCollectionViewCell.swift in Sources */,
				84D9368C26B289E500E29F12 /* Game.swift in Sources */,
				E02FC20926B2B07400963710 /* CreateGameDetailViewController.swift in Sources */,
				8405A5FE26B155D8009D1375 /* BottomLineTextField.swift in Sources */,
				E02FC20726B174FE00963710 /* DatePicker.swift in Sources */,
				84D9367F26B283EA00E29F12 /* ExploreLoungeViewController.swift in Sources */,
			);
			runOnlyForDeploymentPostprocessing = 0;
		};
/* End PBXSourcesBuildPhase section */

/* Begin PBXVariantGroup section */
		E04E0FEB26B0058500A81F92 /* LaunchScreen.storyboard */ = {
			isa = PBXVariantGroup;
			children = (
				E04E0FEC26B0058500A81F92 /* Base */,
			);
			name = LaunchScreen.storyboard;
			sourceTree = "<group>";
		};
/* End PBXVariantGroup section */

/* Begin XCBuildConfiguration section */
		E04E0FEF26B0058500A81F92 /* Debug */ = {
			isa = XCBuildConfiguration;
			buildSettings = {
				ALWAYS_SEARCH_USER_PATHS = NO;
				CLANG_ANALYZER_NONNULL = YES;
				CLANG_ANALYZER_NUMBER_OBJECT_CONVERSION = YES_AGGRESSIVE;
				CLANG_CXX_LANGUAGE_STANDARD = "gnu++14";
				CLANG_CXX_LIBRARY = "libc++";
				CLANG_ENABLE_MODULES = YES;
				CLANG_ENABLE_OBJC_ARC = YES;
				CLANG_ENABLE_OBJC_WEAK = YES;
				CLANG_WARN_BLOCK_CAPTURE_AUTORELEASING = YES;
				CLANG_WARN_BOOL_CONVERSION = YES;
				CLANG_WARN_COMMA = YES;
				CLANG_WARN_CONSTANT_CONVERSION = YES;
				CLANG_WARN_DEPRECATED_OBJC_IMPLEMENTATIONS = YES;
				CLANG_WARN_DIRECT_OBJC_ISA_USAGE = YES_ERROR;
				CLANG_WARN_DOCUMENTATION_COMMENTS = YES;
				CLANG_WARN_EMPTY_BODY = YES;
				CLANG_WARN_ENUM_CONVERSION = YES;
				CLANG_WARN_INFINITE_RECURSION = YES;
				CLANG_WARN_INT_CONVERSION = YES;
				CLANG_WARN_NON_LITERAL_NULL_CONVERSION = YES;
				CLANG_WARN_OBJC_IMPLICIT_RETAIN_SELF = YES;
				CLANG_WARN_OBJC_LITERAL_CONVERSION = YES;
				CLANG_WARN_OBJC_ROOT_CLASS = YES_ERROR;
				CLANG_WARN_QUOTED_INCLUDE_IN_FRAMEWORK_HEADER = YES;
				CLANG_WARN_RANGE_LOOP_ANALYSIS = YES;
				CLANG_WARN_STRICT_PROTOTYPES = YES;
				CLANG_WARN_SUSPICIOUS_MOVE = YES;
				CLANG_WARN_UNGUARDED_AVAILABILITY = YES_AGGRESSIVE;
				CLANG_WARN_UNREACHABLE_CODE = YES;
				CLANG_WARN__DUPLICATE_METHOD_MATCH = YES;
				COPY_PHASE_STRIP = NO;
				DEBUG_INFORMATION_FORMAT = dwarf;
				ENABLE_STRICT_OBJC_MSGSEND = YES;
				ENABLE_TESTABILITY = YES;
				GCC_C_LANGUAGE_STANDARD = gnu11;
				GCC_DYNAMIC_NO_PIC = NO;
				GCC_NO_COMMON_BLOCKS = YES;
				GCC_OPTIMIZATION_LEVEL = 0;
				GCC_PREPROCESSOR_DEFINITIONS = (
					"DEBUG=1",
					"$(inherited)",
				);
				GCC_WARN_64_TO_32_BIT_CONVERSION = YES;
				GCC_WARN_ABOUT_RETURN_TYPE = YES_ERROR;
				GCC_WARN_UNDECLARED_SELECTOR = YES;
				GCC_WARN_UNINITIALIZED_AUTOS = YES_AGGRESSIVE;
				GCC_WARN_UNUSED_FUNCTION = YES;
				GCC_WARN_UNUSED_VARIABLE = YES;
				IPHONEOS_DEPLOYMENT_TARGET = 14.5;
				MTL_ENABLE_DEBUG_INFO = INCLUDE_SOURCE;
				MTL_FAST_MATH = YES;
				ONLY_ACTIVE_ARCH = YES;
				SDKROOT = iphoneos;
				SWIFT_ACTIVE_COMPILATION_CONDITIONS = DEBUG;
				SWIFT_OPTIMIZATION_LEVEL = "-Onone";
			};
			name = Debug;
		};
		E04E0FF026B0058500A81F92 /* Release */ = {
			isa = XCBuildConfiguration;
			buildSettings = {
				ALWAYS_SEARCH_USER_PATHS = NO;
				CLANG_ANALYZER_NONNULL = YES;
				CLANG_ANALYZER_NUMBER_OBJECT_CONVERSION = YES_AGGRESSIVE;
				CLANG_CXX_LANGUAGE_STANDARD = "gnu++14";
				CLANG_CXX_LIBRARY = "libc++";
				CLANG_ENABLE_MODULES = YES;
				CLANG_ENABLE_OBJC_ARC = YES;
				CLANG_ENABLE_OBJC_WEAK = YES;
				CLANG_WARN_BLOCK_CAPTURE_AUTORELEASING = YES;
				CLANG_WARN_BOOL_CONVERSION = YES;
				CLANG_WARN_COMMA = YES;
				CLANG_WARN_CONSTANT_CONVERSION = YES;
				CLANG_WARN_DEPRECATED_OBJC_IMPLEMENTATIONS = YES;
				CLANG_WARN_DIRECT_OBJC_ISA_USAGE = YES_ERROR;
				CLANG_WARN_DOCUMENTATION_COMMENTS = YES;
				CLANG_WARN_EMPTY_BODY = YES;
				CLANG_WARN_ENUM_CONVERSION = YES;
				CLANG_WARN_INFINITE_RECURSION = YES;
				CLANG_WARN_INT_CONVERSION = YES;
				CLANG_WARN_NON_LITERAL_NULL_CONVERSION = YES;
				CLANG_WARN_OBJC_IMPLICIT_RETAIN_SELF = YES;
				CLANG_WARN_OBJC_LITERAL_CONVERSION = YES;
				CLANG_WARN_OBJC_ROOT_CLASS = YES_ERROR;
				CLANG_WARN_QUOTED_INCLUDE_IN_FRAMEWORK_HEADER = YES;
				CLANG_WARN_RANGE_LOOP_ANALYSIS = YES;
				CLANG_WARN_STRICT_PROTOTYPES = YES;
				CLANG_WARN_SUSPICIOUS_MOVE = YES;
				CLANG_WARN_UNGUARDED_AVAILABILITY = YES_AGGRESSIVE;
				CLANG_WARN_UNREACHABLE_CODE = YES;
				CLANG_WARN__DUPLICATE_METHOD_MATCH = YES;
				COPY_PHASE_STRIP = NO;
				DEBUG_INFORMATION_FORMAT = "dwarf-with-dsym";
				ENABLE_NS_ASSERTIONS = NO;
				ENABLE_STRICT_OBJC_MSGSEND = YES;
				GCC_C_LANGUAGE_STANDARD = gnu11;
				GCC_NO_COMMON_BLOCKS = YES;
				GCC_WARN_64_TO_32_BIT_CONVERSION = YES;
				GCC_WARN_ABOUT_RETURN_TYPE = YES_ERROR;
				GCC_WARN_UNDECLARED_SELECTOR = YES;
				GCC_WARN_UNINITIALIZED_AUTOS = YES_AGGRESSIVE;
				GCC_WARN_UNUSED_FUNCTION = YES;
				GCC_WARN_UNUSED_VARIABLE = YES;
				IPHONEOS_DEPLOYMENT_TARGET = 14.5;
				MTL_ENABLE_DEBUG_INFO = NO;
				MTL_FAST_MATH = YES;
				SDKROOT = iphoneos;
				SWIFT_COMPILATION_MODE = wholemodule;
				SWIFT_OPTIMIZATION_LEVEL = "-O";
				VALIDATE_PRODUCT = YES;
			};
			name = Release;
		};
		E04E0FF226B0058500A81F92 /* Debug */ = {
			isa = XCBuildConfiguration;
			baseConfigurationReference = 64CD961C1288F8B7BC7C940A /* Pods-GConnect.debug.xcconfig */;
			buildSettings = {
				ASSETCATALOG_COMPILER_APPICON_NAME = AppIcon;
				ASSETCATALOG_COMPILER_GLOBAL_ACCENT_COLOR_NAME = AccentColor;
				CODE_SIGN_STYLE = Automatic;
				DEVELOPMENT_TEAM = XWQ8XX5C45;
				INFOPLIST_FILE = GConnect/Info.plist;
				LD_RUNPATH_SEARCH_PATHS = (
					"$(inherited)",
					"@executable_path/Frameworks",
				);
				PRODUCT_BUNDLE_IDENTIFIER = "vincent-meidianto";
				PRODUCT_NAME = "$(TARGET_NAME)";
				SWIFT_VERSION = 5.0;
				TARGETED_DEVICE_FAMILY = "1,2";
			};
			name = Debug;
		};
		E04E0FF326B0058500A81F92 /* Release */ = {
			isa = XCBuildConfiguration;
			baseConfigurationReference = 85B0446085D3146B31E566FE /* Pods-GConnect.release.xcconfig */;
			buildSettings = {
				ASSETCATALOG_COMPILER_APPICON_NAME = AppIcon;
				ASSETCATALOG_COMPILER_GLOBAL_ACCENT_COLOR_NAME = AccentColor;
				CODE_SIGN_STYLE = Automatic;
				DEVELOPMENT_TEAM = XWQ8XX5C45;
				INFOPLIST_FILE = GConnect/Info.plist;
				LD_RUNPATH_SEARCH_PATHS = (
					"$(inherited)",
					"@executable_path/Frameworks",
				);
				PRODUCT_BUNDLE_IDENTIFIER = "vincent-meidianto";
				PRODUCT_NAME = "$(TARGET_NAME)";
				SWIFT_VERSION = 5.0;
				TARGETED_DEVICE_FAMILY = "1,2";
			};
			name = Release;
		};
/* End XCBuildConfiguration section */

/* Begin XCConfigurationList section */
		E04E0FD826B0058200A81F92 /* Build configuration list for PBXProject "GConnect" */ = {
			isa = XCConfigurationList;
			buildConfigurations = (
				E04E0FEF26B0058500A81F92 /* Debug */,
				E04E0FF026B0058500A81F92 /* Release */,
			);
			defaultConfigurationIsVisible = 0;
			defaultConfigurationName = Release;
		};
		E04E0FF126B0058500A81F92 /* Build configuration list for PBXNativeTarget "GConnect" */ = {
			isa = XCConfigurationList;
			buildConfigurations = (
				E04E0FF226B0058500A81F92 /* Debug */,
				E04E0FF326B0058500A81F92 /* Release */,
			);
			defaultConfigurationIsVisible = 0;
			defaultConfigurationName = Release;
		};
/* End XCConfigurationList section */
	};
	rootObject = E04E0FD526B0058200A81F92 /* Project object */;
}
