// !$*UTF8*$!
{
	archiveVersion = 1;
	classes = {
	};
	objectVersion = 51;
	objects = {

/* Begin PBXBuildFile section */
		7C75DFCA26B30727002400CA /* LoungeCollectionViewCell.swift in Sources */ = {isa = PBXBuildFile; fileRef = 7C75DFC826B30727002400CA /* LoungeCollectionViewCell.swift */; };
		7C75DFCB26B30727002400CA /* LoungeCollectionViewCell.xib in Resources */ = {isa = PBXBuildFile; fileRef = 7C75DFC926B30727002400CA /* LoungeCollectionViewCell.xib */; };
		7C75DFCE26B30BAA002400CA /* RoleCollectionViewCell.swift in Sources */ = {isa = PBXBuildFile; fileRef = 7C75DFCC26B30BAA002400CA /* RoleCollectionViewCell.swift */; };
		7C75DFCF26B30BAA002400CA /* RoleCollectionViewCell.xib in Resources */ = {isa = PBXBuildFile; fileRef = 7C75DFCD26B30BAA002400CA /* RoleCollectionViewCell.xib */; };
		7C9ECE4126BE64E800DBA826 /* ChatList.storyboard in Resources */ = {isa = PBXBuildFile; fileRef = 7C9ECE3E26BE64E800DBA826 /* ChatList.storyboard */; };
		7C9ECE4226BE64E800DBA826 /* ChatListViewController.swift in Sources */ = {isa = PBXBuildFile; fileRef = 7C9ECE4026BE64E800DBA826 /* ChatListViewController.swift */; };
		7CB18F6326BD93EB0065D1CC /* ViewController.swift in Sources */ = {isa = PBXBuildFile; fileRef = 7CB18F5F26BD93EB0065D1CC /* ViewController.swift */; };
		7CB18F6426BD93EB0065D1CC /* Test.storyboard in Resources */ = {isa = PBXBuildFile; fileRef = 7CB18F6026BD93EB0065D1CC /* Test.storyboard */; };
		7CB18F6526BD93EB0065D1CC /* Struct API.swift in Sources */ = {isa = PBXBuildFile; fileRef = 7CB18F6126BD93EB0065D1CC /* Struct API.swift */; };
		7CB18F6626BD93EB0065D1CC /* ApiService.swift in Sources */ = {isa = PBXBuildFile; fileRef = 7CB18F6226BD93EB0065D1CC /* ApiService.swift */; };
		7CB18F6926BD94130065D1CC /* Loading.storyboard in Resources */ = {isa = PBXBuildFile; fileRef = 7CB18F6726BD94130065D1CC /* Loading.storyboard */; };
		7CB18F6A26BD94130065D1CC /* LoadingViewController.swift in Sources */ = {isa = PBXBuildFile; fileRef = 7CB18F6826BD94130065D1CC /* LoadingViewController.swift */; };
		7CB3A24C26B29EDD00259119 /* DetailLounge.storyboard in Resources */ = {isa = PBXBuildFile; fileRef = 7CB3A24B26B29EDD00259119 /* DetailLounge.storyboard */; };
		7CB3A25426B2ABDF00259119 /* DetailLoungeViewController.swift in Sources */ = {isa = PBXBuildFile; fileRef = 7CB3A25326B2ABDF00259119 /* DetailLoungeViewController.swift */; };
		8405A5F226B1546A009D1375 /* SignUpViewController.swift in Sources */ = {isa = PBXBuildFile; fileRef = 8405A5F026B15466009D1375 /* SignUpViewController.swift */; };
		8405A5F326B1546A009D1375 /* SignUp.storyboard in Resources */ = {isa = PBXBuildFile; fileRef = 8405A5F126B1546A009D1375 /* SignUp.storyboard */; };
		8405A5F526B15493009D1375 /* StoreDataAuth.swift in Sources */ = {isa = PBXBuildFile; fileRef = 8405A5F426B15493009D1375 /* StoreDataAuth.swift */; };
		8405A5FC26B155D8009D1375 /* PaddingTextField.swift in Sources */ = {isa = PBXBuildFile; fileRef = 8405A5F926B155D5009D1375 /* PaddingTextField.swift */; };
		8405A5FD26B155D8009D1375 /* HideKeyboard.swift in Sources */ = {isa = PBXBuildFile; fileRef = 8405A5FA26B155D7009D1375 /* HideKeyboard.swift */; };
		8405A5FE26B155D8009D1375 /* BottomLineTextField.swift in Sources */ = {isa = PBXBuildFile; fileRef = 8405A5FB26B155D8009D1375 /* BottomLineTextField.swift */; };
		8405A60026B155E4009D1375 /* CheckEmail.swift in Sources */ = {isa = PBXBuildFile; fileRef = 8405A5FF26B155E4009D1375 /* CheckEmail.swift */; };
		8405A60226B155FD009D1375 /* PageControl.swift in Sources */ = {isa = PBXBuildFile; fileRef = 8405A60126B155FD009D1375 /* PageControl.swift */; };
		8434498826B8400F00F66A2B /* DataUser.swift in Sources */ = {isa = PBXBuildFile; fileRef = 8434498726B8400F00F66A2B /* DataUser.swift */; };
		8445D0AB26D8D19600C56ABE /* TabBarViewController.swift in Sources */ = {isa = PBXBuildFile; fileRef = 8445D0AA26D8D19600C56ABE /* TabBarViewController.swift */; };
		8445D0AF26D8D50A00C56ABE /* TestingSB.storyboard in Resources */ = {isa = PBXBuildFile; fileRef = 8445D0AE26D8D50A00C56ABE /* TestingSB.storyboard */; };
		8445D0B126D8E3C900C56ABE /* TestingSBViewController.swift in Sources */ = {isa = PBXBuildFile; fileRef = 8445D0B026D8E3C900C56ABE /* TestingSBViewController.swift */; };
		846D97A426CD15E500546A27 /* ExplorePeople.storyboard in Resources */ = {isa = PBXBuildFile; fileRef = 846D97A326CD15E500546A27 /* ExplorePeople.storyboard */; };
		846D97A626CD18B000546A27 /* ExplorePeopleViewController.swift in Sources */ = {isa = PBXBuildFile; fileRef = 846D97A526CD18B000546A27 /* ExplorePeopleViewController.swift */; };
		846D97A926CE190D00546A27 /* FilterPeopleViewController.swift in Sources */ = {isa = PBXBuildFile; fileRef = 846D97A826CE190D00546A27 /* FilterPeopleViewController.swift */; };
		8476092B26C97D0A006B9878 /* AchivementViewModel.swift in Sources */ = {isa = PBXBuildFile; fileRef = 8476092A26C97D0A006B9878 /* AchivementViewModel.swift */; };
		8476093026CA45F7006B9878 /* Datas.swift in Sources */ = {isa = PBXBuildFile; fileRef = 8476092F26CA45F7006B9878 /* Datas.swift */; };
		8476093326CA55C9006B9878 /* ViewModel.swift in Sources */ = {isa = PBXBuildFile; fileRef = 8476093226CA55C9006B9878 /* ViewModel.swift */; };
		8476093526CCCD9B006B9878 /* CreateGameDetail.swift in Sources */ = {isa = PBXBuildFile; fileRef = 8476093426CCCD9B006B9878 /* CreateGameDetail.swift */; };
		8476093726CCCE60006B9878 /* DataControl.swift in Sources */ = {isa = PBXBuildFile; fileRef = 8476093626CCCE60006B9878 /* DataControl.swift */; };
		8476093926CCD1FC006B9878 /* ConfigureView.swift in Sources */ = {isa = PBXBuildFile; fileRef = 8476093826CCD1FC006B9878 /* ConfigureView.swift */; };
		8476093C26CCD42B006B9878 /* GetData.swift in Sources */ = {isa = PBXBuildFile; fileRef = 8476093B26CCD42B006B9878 /* GetData.swift */; };
		848FE7D426CE573A0070AAD1 /* LogicDB.swift in Sources */ = {isa = PBXBuildFile; fileRef = 848FE7D326CE573A0070AAD1 /* LogicDB.swift */; };
		848FE7D826CE63C30070AAD1 /* FilterPeople.storyboard in Resources */ = {isa = PBXBuildFile; fileRef = 848FE7D726CE63C30070AAD1 /* FilterPeople.storyboard */; };
		848FE7DA26CE67600070AAD1 /* FilterExplorePeopleViewController.swift in Sources */ = {isa = PBXBuildFile; fileRef = 848FE7D926CE67600070AAD1 /* FilterExplorePeopleViewController.swift */; };
		848FE7DD26CE692B0070AAD1 /* ViewModelExplorePeople.swift in Sources */ = {isa = PBXBuildFile; fileRef = 848FE7DC26CE692B0070AAD1 /* ViewModelExplorePeople.swift */; };
		84BB975926B12D730024A98B /* AuthLogin.swift in Sources */ = {isa = PBXBuildFile; fileRef = 84BB975826B12D730024A98B /* AuthLogin.swift */; };
		84D9367426B2839A00E29F12 /* RequirementExploreLoungeCollectionViewCell.xib in Resources */ = {isa = PBXBuildFile; fileRef = 84D9367026B2839900E29F12 /* RequirementExploreLoungeCollectionViewCell.xib */; };
		84D9367526B2839A00E29F12 /* RequirementExploreLoungeCollectionViewCell.swift in Sources */ = {isa = PBXBuildFile; fileRef = 84D9367126B2839A00E29F12 /* RequirementExploreLoungeCollectionViewCell.swift */; };
		84D9367626B2839A00E29F12 /* ExploreLoungeCell.swift in Sources */ = {isa = PBXBuildFile; fileRef = 84D9367226B2839A00E29F12 /* ExploreLoungeCell.swift */; };
		84D9367726B2839A00E29F12 /* ExploreLoungeCell.xib in Resources */ = {isa = PBXBuildFile; fileRef = 84D9367326B2839A00E29F12 /* ExploreLoungeCell.xib */; };
		84D9367D26B283E300E29F12 /* ExploreLounge.storyboard in Resources */ = {isa = PBXBuildFile; fileRef = 84D9367C26B283E300E29F12 /* ExploreLounge.storyboard */; };
		84D9367F26B283EA00E29F12 /* ExploreLoungeViewController.swift in Sources */ = {isa = PBXBuildFile; fileRef = 84D9367E26B283EA00E29F12 /* ExploreLoungeViewController.swift */; };
		84D9368426B285A500E29F12 /* Struct.swift in Sources */ = {isa = PBXBuildFile; fileRef = 84D9368326B285A500E29F12 /* Struct.swift */; };
		84D9368A26B289D100E29F12 /* Choose game detail.storyboard in Resources */ = {isa = PBXBuildFile; fileRef = 84D9368926B289D100E29F12 /* Choose game detail.storyboard */; };
		84D9368C26B289E500E29F12 /* Game.swift in Sources */ = {isa = PBXBuildFile; fileRef = 84D9368B26B289E500E29F12 /* Game.swift */; };
		84D9368F26B289F500E29F12 /* ChooseGameViewController.swift in Sources */ = {isa = PBXBuildFile; fileRef = 84D9368D26B289F500E29F12 /* ChooseGameViewController.swift */; };
		84D9369026B289F500E29F12 /* GameCollectionViewCell.swift in Sources */ = {isa = PBXBuildFile; fileRef = 84D9368E26B289F500E29F12 /* GameCollectionViewCell.swift */; };
		84D9369826B2908F00E29F12 /* CreateLoungeVC.swift in Sources */ = {isa = PBXBuildFile; fileRef = 84D9369726B2908F00E29F12 /* CreateLoungeVC.swift */; };
		84D9369A26B2909400E29F12 /* CreateLounge.storyboard in Resources */ = {isa = PBXBuildFile; fileRef = 84D9369926B2909400E29F12 /* CreateLounge.storyboard */; };
		84D9369E26B2B22D00E29F12 /* DataLounge.swift in Sources */ = {isa = PBXBuildFile; fileRef = 84D9369D26B2B22D00E29F12 /* DataLounge.swift */; };
		84E2B95226D35BE00090D9EC /* ModelPeople.swift in Sources */ = {isa = PBXBuildFile; fileRef = 84E2B95126D35BE00090D9EC /* ModelPeople.swift */; };
		84F30A2926B7E69600A40BDB /* KickPlayerCollectionViewCell.xib in Resources */ = {isa = PBXBuildFile; fileRef = 84F30A2726B7E69600A40BDB /* KickPlayerCollectionViewCell.xib */; };
		84F30A2A26B7E69600A40BDB /* KickPlayerCollectionViewCell.swift in Sources */ = {isa = PBXBuildFile; fileRef = 84F30A2826B7E69600A40BDB /* KickPlayerCollectionViewCell.swift */; };
		A80E61DE26B3DD01005FF4B6 /* ProfileVisitor.storyboard in Resources */ = {isa = PBXBuildFile; fileRef = A80E61DD26B3DD01005FF4B6 /* ProfileVisitor.storyboard */; };
		A80E61E026B3ED40005FF4B6 /* ProfileVisitorViewController.swift in Sources */ = {isa = PBXBuildFile; fileRef = A80E61DF26B3ED40005FF4B6 /* ProfileVisitorViewController.swift */; };
		A80E61E526B421DF005FF4B6 /* Edit Achievement.storyboard in Resources */ = {isa = PBXBuildFile; fileRef = A80E61E126B421DF005FF4B6 /* Edit Achievement.storyboard */; };
		A80E61E626B421DF005FF4B6 /* AddAchievementViewController.swift in Sources */ = {isa = PBXBuildFile; fileRef = A80E61E226B421DF005FF4B6 /* AddAchievementViewController.swift */; };
		A80E61E726B421DF005FF4B6 /* EditAchievementViewController.swift in Sources */ = {isa = PBXBuildFile; fileRef = A80E61E326B421DF005FF4B6 /* EditAchievementViewController.swift */; };
		A80E61E826B421DF005FF4B6 /* Add Achievement.storyboard in Resources */ = {isa = PBXBuildFile; fileRef = A80E61E426B421DF005FF4B6 /* Add Achievement.storyboard */; };
		BF72D14426B401AC00F8DA6D /* AchievementProfileCollectionViewCell.swift in Sources */ = {isa = PBXBuildFile; fileRef = BF72D14226B401AC00F8DA6D /* AchievementProfileCollectionViewCell.swift */; };
		BF72D14526B401AC00F8DA6D /* AchievementProfileCollectionViewCell.xib in Resources */ = {isa = PBXBuildFile; fileRef = BF72D14326B401AC00F8DA6D /* AchievementProfileCollectionViewCell.xib */; };
		BF72D14B26B7DE6300F8DA6D /* ChangeBgStackView.swift in Sources */ = {isa = PBXBuildFile; fileRef = BF72D14A26B7DE6300F8DA6D /* ChangeBgStackView.swift */; };
		BFCE10CF26B2B4BD00C206B5 /* ProfileUserViewController.swift in Sources */ = {isa = PBXBuildFile; fileRef = BFCE10CE26B2B4BD00C206B5 /* ProfileUserViewController.swift */; };
		BFCE10D126B2B4EF00C206B5 /* ProfileUser.storyboard in Resources */ = {isa = PBXBuildFile; fileRef = BFCE10D026B2B4EF00C206B5 /* ProfileUser.storyboard */; };
		BFE80C0B26CF906200FFC9DE /* DataPeople.swift in Sources */ = {isa = PBXBuildFile; fileRef = BFE80C0A26CF906200FFC9DE /* DataPeople.swift */; };
		E001319626B51EDB00A315EB /* GamesCollectionViewCell.swift in Sources */ = {isa = PBXBuildFile; fileRef = E001319426B51EDB00A315EB /* GamesCollectionViewCell.swift */; };
		E001319726B51EDB00A315EB /* GamesCollectionViewCell.xib in Resources */ = {isa = PBXBuildFile; fileRef = E001319526B51EDB00A315EB /* GamesCollectionViewCell.xib */; };
		E001319B26B533BB00A315EB /* Games.swift in Sources */ = {isa = PBXBuildFile; fileRef = E001319A26B533BB00A315EB /* Games.swift */; };
		E011EC5B26BBC0FF005E929B /* FilterLoungeModel.swift in Sources */ = {isa = PBXBuildFile; fileRef = E011EC5A26BBC0FF005E929B /* FilterLoungeModel.swift */; };
		E011EC8126BC002B005E929B /* AchievementEmptyCollectionViewCell.swift in Sources */ = {isa = PBXBuildFile; fileRef = E011EC7F26BC002B005E929B /* AchievementEmptyCollectionViewCell.swift */; };
		E011EC8226BC002B005E929B /* AchievementEmptyCollectionViewCell.xib in Resources */ = {isa = PBXBuildFile; fileRef = E011EC8026BC002B005E929B /* AchievementEmptyCollectionViewCell.xib */; };
		E01EE1E526B818210065F668 /* DetailLoungeCollectionViewCell.swift in Sources */ = {isa = PBXBuildFile; fileRef = E01EE1E326B818210065F668 /* DetailLoungeCollectionViewCell.swift */; };
		E01EE1E626B818210065F668 /* DetailLoungeCollectionViewCell.xib in Resources */ = {isa = PBXBuildFile; fileRef = E01EE1E426B818210065F668 /* DetailLoungeCollectionViewCell.xib */; };
		E01EE1E826B81D3B0065F668 /* DetailLoungeViewModel.swift in Sources */ = {isa = PBXBuildFile; fileRef = E01EE1E726B81D3B0065F668 /* DetailLoungeViewModel.swift */; };
		E01EE1EA26B862EC0065F668 /* LoungeMember.swift in Sources */ = {isa = PBXBuildFile; fileRef = E01EE1E926B862EC0065F668 /* LoungeMember.swift */; };
		E02FC20726B174FE00963710 /* DatePicker.swift in Sources */ = {isa = PBXBuildFile; fileRef = E02FC20626B174FE00963710 /* DatePicker.swift */; };
		E02FC20926B2B07400963710 /* CreateGameDetailViewController.swift in Sources */ = {isa = PBXBuildFile; fileRef = E02FC20826B2B07400963710 /* CreateGameDetailViewController.swift */; };
		E04E0FE126B0058200A81F92 /* AppDelegate.swift in Sources */ = {isa = PBXBuildFile; fileRef = E04E0FE026B0058200A81F92 /* AppDelegate.swift */; };
		E04E0FE326B0058200A81F92 /* SceneDelegate.swift in Sources */ = {isa = PBXBuildFile; fileRef = E04E0FE226B0058200A81F92 /* SceneDelegate.swift */; };
		E04E0FEA26B0058500A81F92 /* Assets.xcassets in Resources */ = {isa = PBXBuildFile; fileRef = E04E0FE926B0058500A81F92 /* Assets.xcassets */; };
		E04E0FED26B0058500A81F92 /* LaunchScreen.storyboard in Resources */ = {isa = PBXBuildFile; fileRef = E04E0FEB26B0058500A81F92 /* LaunchScreen.storyboard */; };
		E04E100C26B00A1D00A81F92 /* LoginViewController.swift in Sources */ = {isa = PBXBuildFile; fileRef = E04E100A26B00A1D00A81F92 /* LoginViewController.swift */; };
		E04E101126B019D900A81F92 /* Login.storyboard in Resources */ = {isa = PBXBuildFile; fileRef = E04E101026B019D900A81F92 /* Login.storyboard */; };
		E04E101326B01D1200A81F92 /* GoogleService-Info.plist in Resources */ = {isa = PBXBuildFile; fileRef = E04E101226B01D1200A81F92 /* GoogleService-Info.plist */; };
		E06AA42B26B7CE4D00357B01 /* FilterLounge.storyboard in Resources */ = {isa = PBXBuildFile; fileRef = E06AA42926B7CE4A00357B01 /* FilterLounge.storyboard */; };
		E06AA42C26B7CE4D00357B01 /* FilterLoungeViewController.swift in Sources */ = {isa = PBXBuildFile; fileRef = E06AA42A26B7CE4D00357B01 /* FilterLoungeViewController.swift */; };
		E06ED46626B410E600EC18B0 /* CreateLoungeViewModel.swift in Sources */ = {isa = PBXBuildFile; fileRef = E06ED46526B410E600EC18B0 /* CreateLoungeViewModel.swift */; };
		E081880326BF9FDE00A68633 /* ReplaceCurrentViewController.swift in Sources */ = {isa = PBXBuildFile; fileRef = E081880226BF9FDE00A68633 /* ReplaceCurrentViewController.swift */; };
		E081880526BFC1C900A68633 /* ProfilePicView.swift in Sources */ = {isa = PBXBuildFile; fileRef = E081880426BFC1C900A68633 /* ProfilePicView.swift */; };
		E081880726BFC1E000A68633 /* ProfilePic.xib in Resources */ = {isa = PBXBuildFile; fileRef = E081880626BFC1E000A68633 /* ProfilePic.xib */; };
		E081880926BFC2A700A68633 /* LoadViewFromNib.swift in Sources */ = {isa = PBXBuildFile; fileRef = E081880826BFC2A700A68633 /* LoadViewFromNib.swift */; };
		E081880D26BFD8CA00A68633 /* EmptyExploreLoungeCollectionViewCell.swift in Sources */ = {isa = PBXBuildFile; fileRef = E081880B26BFD8CA00A68633 /* EmptyExploreLoungeCollectionViewCell.swift */; };
		E081880E26BFD8CA00A68633 /* EmptyExploreLoungeCollectionViewCell.xib in Resources */ = {isa = PBXBuildFile; fileRef = E081880C26BFD8CA00A68633 /* EmptyExploreLoungeCollectionViewCell.xib */; };
		E081881226BFE4A600A68633 /* EmptyListLoungeCollectionViewCell.swift in Sources */ = {isa = PBXBuildFile; fileRef = E081881026BFE4A600A68633 /* EmptyListLoungeCollectionViewCell.swift */; };
		E081881326BFE4A600A68633 /* EmptyListLoungeCollectionViewCell.xib in Resources */ = {isa = PBXBuildFile; fileRef = E081881126BFE4A600A68633 /* EmptyListLoungeCollectionViewCell.xib */; };
		E08F234D26BCF74A00D7E0BA /* ChatLounge.storyboard in Resources */ = {isa = PBXBuildFile; fileRef = E08F234C26BCF74A00D7E0BA /* ChatLounge.storyboard */; };
		E08F234F26BCFB9E00D7E0BA /* ChatLoungeViewController.swift in Sources */ = {isa = PBXBuildFile; fileRef = E08F234E26BCFB9E00D7E0BA /* ChatLoungeViewController.swift */; };
		E08F235126BCFBE700D7E0BA /* Chat.swift in Sources */ = {isa = PBXBuildFile; fileRef = E08F235026BCFBE700D7E0BA /* Chat.swift */; };
		E08F235326BCFBF400D7E0BA /* ChatUser.swift in Sources */ = {isa = PBXBuildFile; fileRef = E08F235226BCFBF400D7E0BA /* ChatUser.swift */; };
		E08F235526BCFBFF00D7E0BA /* Message.swift in Sources */ = {isa = PBXBuildFile; fileRef = E08F235426BCFBFF00D7E0BA /* Message.swift */; };
		E09D67C826BE8F4400270C19 /* ListChatLoungeCollectionViewCell.swift in Sources */ = {isa = PBXBuildFile; fileRef = E09D67C626BE8F4400270C19 /* ListChatLoungeCollectionViewCell.swift */; };
		E09D67C926BE8F4400270C19 /* ListChatLoungeCollectionViewCell.xib in Resources */ = {isa = PBXBuildFile; fileRef = E09D67C726BE8F4400270C19 /* ListChatLoungeCollectionViewCell.xib */; };
		E09D67CB26BE920A00270C19 /* ChatListViewModel.swift in Sources */ = {isa = PBXBuildFile; fileRef = E09D67CA26BE920A00270C19 /* ChatListViewModel.swift */; };
		E0AF775E26D21CC60095DA01 /* ChatPersonalViewController.swift in Sources */ = {isa = PBXBuildFile; fileRef = E0AF775D26D21CC60095DA01 /* ChatPersonalViewController.swift */; };
		E0AF776026D21CF30095DA01 /* ChatPersonal.storyboard in Resources */ = {isa = PBXBuildFile; fileRef = E0AF775F26D21CF30095DA01 /* ChatPersonal.storyboard */; };
		E0AF776326D3BAC40095DA01 /* LoungeChatListViewController.swift in Sources */ = {isa = PBXBuildFile; fileRef = E0AF776226D3BAC40095DA01 /* LoungeChatListViewController.swift */; };
		E0AF776526D3BB030095DA01 /* PersonalChatListViewController.swift in Sources */ = {isa = PBXBuildFile; fileRef = E0AF776426D3BB030095DA01 /* PersonalChatListViewController.swift */; };
		E0AF776A26D3C1C70095DA01 /* PersonalChatCollectionViewCell.swift in Sources */ = {isa = PBXBuildFile; fileRef = E0AF776826D3C1C70095DA01 /* PersonalChatCollectionViewCell.swift */; };
		E0AF776B26D3C1C70095DA01 /* PersonalChatCollectionViewCell.xib in Resources */ = {isa = PBXBuildFile; fileRef = E0AF776926D3C1C70095DA01 /* PersonalChatCollectionViewCell.xib */; };
		E0AF777026D4B52A0095DA01 /* EmptyPersonalChatListCollectionViewCell.swift in Sources */ = {isa = PBXBuildFile; fileRef = E0AF776E26D4B52A0095DA01 /* EmptyPersonalChatListCollectionViewCell.swift */; };
		E0AF777126D4B52A0095DA01 /* EmptyPersonalChatListCollectionViewCell.xib in Resources */ = {isa = PBXBuildFile; fileRef = E0AF776F26D4B52A0095DA01 /* EmptyPersonalChatListCollectionViewCell.xib */; };
		E0E51A2826CCE4E30084C22E /* SetRounded.swift in Sources */ = {isa = PBXBuildFile; fileRef = E0E51A2726CCE4E30084C22E /* SetRounded.swift */; };
		E0E51A3326CD83500084C22E /* ExplorePeopleUIView.swift in Sources */ = {isa = PBXBuildFile; fileRef = E0E51A3226CD83500084C22E /* ExplorePeopleUIView.swift */; };
		E0E51A3526CD87940084C22E /* SetImageTextField.swift in Sources */ = {isa = PBXBuildFile; fileRef = E0E51A3426CD87940084C22E /* SetImageTextField.swift */; };
		E0E51A3926CE10F40084C22E /* ExplorePeopleCollectionViewCell.swift in Sources */ = {isa = PBXBuildFile; fileRef = E0E51A3726CE10F40084C22E /* ExplorePeopleCollectionViewCell.swift */; };
		E0E51A3A26CE10F40084C22E /* ExplorePeopleCollectionViewCell.xib in Resources */ = {isa = PBXBuildFile; fileRef = E0E51A3826CE10F40084C22E /* ExplorePeopleCollectionViewCell.xib */; };
		E8024AFC26B91E0A004674F3 /* NetworkService.swift in Sources */ = {isa = PBXBuildFile; fileRef = E8024AFB26B91E0A004674F3 /* NetworkService.swift */; };
		E8024AFF26B91F26004674F3 /* Route.swift in Sources */ = {isa = PBXBuildFile; fileRef = E8024AFE26B91F26004674F3 /* Route.swift */; };
		E8024B0226B91FCC004674F3 /* Method.swift in Sources */ = {isa = PBXBuildFile; fileRef = E8024B0126B91FCC004674F3 /* Method.swift */; };
		E8024B0626B92322004674F3 /* String+Extension.swift in Sources */ = {isa = PBXBuildFile; fileRef = E8024B0526B92322004674F3 /* String+Extension.swift */; };
		E8024B1F26B941D5004674F3 /* AppError.swift in Sources */ = {isa = PBXBuildFile; fileRef = E8024B1E26B941D5004674F3 /* AppError.swift */; };
		E8024B2326B94D83004674F3 /* APIResponse.swift in Sources */ = {isa = PBXBuildFile; fileRef = E8024B2226B94D83004674F3 /* APIResponse.swift */; };
		E807B2F826CE5F3000724046 /* InvitationList.swift in Sources */ = {isa = PBXBuildFile; fileRef = E807B2F726CE5F3000724046 /* InvitationList.swift */; };
		E807B2FC26CE6FD800724046 /* CollectionViewCell.swift in Sources */ = {isa = PBXBuildFile; fileRef = E807B2FB26CE6FD800724046 /* CollectionViewCell.swift */; };
		E860FB2326D4E74900A63CF7 /* loungeListCollectionViewCell.swift in Sources */ = {isa = PBXBuildFile; fileRef = E860FB2226D4E74900A63CF7 /* loungeListCollectionViewCell.swift */; };
		E860FB2626D4FD3D00A63CF7 /* InvitationViewModel.swift in Sources */ = {isa = PBXBuildFile; fileRef = E860FB2526D4FD3D00A63CF7 /* InvitationViewModel.swift */; };
		E8A196E526CF9CD300F69F22 /* InvitationListViewController.swift in Sources */ = {isa = PBXBuildFile; fileRef = E8A196E426CF9CD300F69F22 /* InvitationListViewController.swift */; };
		E8A196E826CF9D0200F69F22 /* InvitationList.storyboard in Resources */ = {isa = PBXBuildFile; fileRef = E8A196E726CF9D0200F69F22 /* InvitationList.storyboard */; };
		E8A196EE26CF9FBB00F69F22 /* InvitationListCell.swift in Sources */ = {isa = PBXBuildFile; fileRef = E8A196EC26CF9FBB00F69F22 /* InvitationListCell.swift */; };
		E8A196EF26CF9FBB00F69F22 /* InvitationListCell.xib in Resources */ = {isa = PBXBuildFile; fileRef = E8A196ED26CF9FBB00F69F22 /* InvitationListCell.xib */; };
		E8E85A3226D3B67F00610DF2 /* InviteToLounge.storyboard in Resources */ = {isa = PBXBuildFile; fileRef = E8E85A3126D3B67F00610DF2 /* InviteToLounge.storyboard */; };
		E8E85A3526D3BA2100610DF2 /* InviteToLoungeViewController.swift in Sources */ = {isa = PBXBuildFile; fileRef = E8E85A3426D3BA2100610DF2 /* InviteToLoungeViewController.swift */; };
		FD6F9DDA0EDE242BC7E2DFD3 /* Pods_GConnect.framework in Frameworks */ = {isa = PBXBuildFile; fileRef = 4852E42181E6C2BB21B7925F /* Pods_GConnect.framework */; };
/* End PBXBuildFile section */

/* Begin PBXFileReference section */
		4852E42181E6C2BB21B7925F /* Pods_GConnect.framework */ = {isa = PBXFileReference; explicitFileType = wrapper.framework; includeInIndex = 0; path = Pods_GConnect.framework; sourceTree = BUILT_PRODUCTS_DIR; };
		7335D301D0FC1C77547D8B15 /* Pods-GConnect.debug.xcconfig */ = {isa = PBXFileReference; includeInIndex = 1; lastKnownFileType = text.xcconfig; name = "Pods-GConnect.debug.xcconfig"; path = "Target Support Files/Pods-GConnect/Pods-GConnect.debug.xcconfig"; sourceTree = "<group>"; };
		7C75DFC826B30727002400CA /* LoungeCollectionViewCell.swift */ = {isa = PBXFileReference; lastKnownFileType = sourcecode.swift; path = LoungeCollectionViewCell.swift; sourceTree = "<group>"; };
		7C75DFC926B30727002400CA /* LoungeCollectionViewCell.xib */ = {isa = PBXFileReference; lastKnownFileType = file.xib; path = LoungeCollectionViewCell.xib; sourceTree = "<group>"; };
		7C75DFCC26B30BAA002400CA /* RoleCollectionViewCell.swift */ = {isa = PBXFileReference; lastKnownFileType = sourcecode.swift; path = RoleCollectionViewCell.swift; sourceTree = "<group>"; };
		7C75DFCD26B30BAA002400CA /* RoleCollectionViewCell.xib */ = {isa = PBXFileReference; lastKnownFileType = file.xib; path = RoleCollectionViewCell.xib; sourceTree = "<group>"; };
		7C9ECE3E26BE64E800DBA826 /* ChatList.storyboard */ = {isa = PBXFileReference; fileEncoding = 4; lastKnownFileType = file.storyboard; path = ChatList.storyboard; sourceTree = "<group>"; };
		7C9ECE4026BE64E800DBA826 /* ChatListViewController.swift */ = {isa = PBXFileReference; fileEncoding = 4; lastKnownFileType = sourcecode.swift; path = ChatListViewController.swift; sourceTree = "<group>"; };
		7CB18F5F26BD93EB0065D1CC /* ViewController.swift */ = {isa = PBXFileReference; fileEncoding = 4; lastKnownFileType = sourcecode.swift; path = ViewController.swift; sourceTree = "<group>"; };
		7CB18F6026BD93EB0065D1CC /* Test.storyboard */ = {isa = PBXFileReference; fileEncoding = 4; lastKnownFileType = file.storyboard; path = Test.storyboard; sourceTree = "<group>"; };
		7CB18F6126BD93EB0065D1CC /* Struct API.swift */ = {isa = PBXFileReference; fileEncoding = 4; lastKnownFileType = sourcecode.swift; path = "Struct API.swift"; sourceTree = "<group>"; };
		7CB18F6226BD93EB0065D1CC /* ApiService.swift */ = {isa = PBXFileReference; fileEncoding = 4; lastKnownFileType = sourcecode.swift; path = ApiService.swift; sourceTree = "<group>"; };
		7CB18F6726BD94130065D1CC /* Loading.storyboard */ = {isa = PBXFileReference; fileEncoding = 4; lastKnownFileType = file.storyboard; path = Loading.storyboard; sourceTree = "<group>"; };
		7CB18F6826BD94130065D1CC /* LoadingViewController.swift */ = {isa = PBXFileReference; fileEncoding = 4; lastKnownFileType = sourcecode.swift; path = LoadingViewController.swift; sourceTree = "<group>"; };
		7CB3A24B26B29EDD00259119 /* DetailLounge.storyboard */ = {isa = PBXFileReference; lastKnownFileType = file.storyboard; path = DetailLounge.storyboard; sourceTree = "<group>"; };
		7CB3A25326B2ABDF00259119 /* DetailLoungeViewController.swift */ = {isa = PBXFileReference; lastKnownFileType = sourcecode.swift; path = DetailLoungeViewController.swift; sourceTree = "<group>"; };
		8405A5F026B15466009D1375 /* SignUpViewController.swift */ = {isa = PBXFileReference; fileEncoding = 4; lastKnownFileType = sourcecode.swift; path = SignUpViewController.swift; sourceTree = "<group>"; };
		8405A5F126B1546A009D1375 /* SignUp.storyboard */ = {isa = PBXFileReference; fileEncoding = 4; lastKnownFileType = file.storyboard; path = SignUp.storyboard; sourceTree = "<group>"; };
		8405A5F426B15493009D1375 /* StoreDataAuth.swift */ = {isa = PBXFileReference; lastKnownFileType = sourcecode.swift; path = StoreDataAuth.swift; sourceTree = "<group>"; };
		8405A5F926B155D5009D1375 /* PaddingTextField.swift */ = {isa = PBXFileReference; fileEncoding = 4; lastKnownFileType = sourcecode.swift; path = PaddingTextField.swift; sourceTree = "<group>"; };
		8405A5FA26B155D7009D1375 /* HideKeyboard.swift */ = {isa = PBXFileReference; fileEncoding = 4; lastKnownFileType = sourcecode.swift; path = HideKeyboard.swift; sourceTree = "<group>"; };
		8405A5FB26B155D8009D1375 /* BottomLineTextField.swift */ = {isa = PBXFileReference; fileEncoding = 4; lastKnownFileType = sourcecode.swift; path = BottomLineTextField.swift; sourceTree = "<group>"; };
		8405A5FF26B155E4009D1375 /* CheckEmail.swift */ = {isa = PBXFileReference; fileEncoding = 4; lastKnownFileType = sourcecode.swift; path = CheckEmail.swift; sourceTree = "<group>"; };
		8405A60126B155FD009D1375 /* PageControl.swift */ = {isa = PBXFileReference; lastKnownFileType = sourcecode.swift; path = PageControl.swift; sourceTree = "<group>"; };
		8434498726B8400F00F66A2B /* DataUser.swift */ = {isa = PBXFileReference; lastKnownFileType = sourcecode.swift; path = DataUser.swift; sourceTree = "<group>"; };
		8445D0AA26D8D19600C56ABE /* TabBarViewController.swift */ = {isa = PBXFileReference; lastKnownFileType = sourcecode.swift; path = TabBarViewController.swift; sourceTree = "<group>"; };
		8445D0AE26D8D50A00C56ABE /* TestingSB.storyboard */ = {isa = PBXFileReference; lastKnownFileType = file.storyboard; path = TestingSB.storyboard; sourceTree = "<group>"; };
		8445D0B026D8E3C900C56ABE /* TestingSBViewController.swift */ = {isa = PBXFileReference; lastKnownFileType = sourcecode.swift; path = TestingSBViewController.swift; sourceTree = "<group>"; };
		8445D0B226DA7A1D00C56ABE /* GConnect.entitlements */ = {isa = PBXFileReference; lastKnownFileType = text.plist.entitlements; path = GConnect.entitlements; sourceTree = "<group>"; };
		846D97A326CD15E500546A27 /* ExplorePeople.storyboard */ = {isa = PBXFileReference; lastKnownFileType = file.storyboard; path = ExplorePeople.storyboard; sourceTree = "<group>"; };
		846D97A526CD18B000546A27 /* ExplorePeopleViewController.swift */ = {isa = PBXFileReference; lastKnownFileType = sourcecode.swift; path = ExplorePeopleViewController.swift; sourceTree = "<group>"; };
		846D97A826CE190D00546A27 /* FilterPeopleViewController.swift */ = {isa = PBXFileReference; lastKnownFileType = sourcecode.swift; path = FilterPeopleViewController.swift; sourceTree = "<group>"; };
		8476092A26C97D0A006B9878 /* AchivementViewModel.swift */ = {isa = PBXFileReference; lastKnownFileType = sourcecode.swift; path = AchivementViewModel.swift; sourceTree = "<group>"; };
		8476092F26CA45F7006B9878 /* Datas.swift */ = {isa = PBXFileReference; lastKnownFileType = sourcecode.swift; path = Datas.swift; sourceTree = "<group>"; };
		8476093226CA55C9006B9878 /* ViewModel.swift */ = {isa = PBXFileReference; lastKnownFileType = sourcecode.swift; path = ViewModel.swift; sourceTree = "<group>"; };
		8476093426CCCD9B006B9878 /* CreateGameDetail.swift */ = {isa = PBXFileReference; lastKnownFileType = sourcecode.swift; path = CreateGameDetail.swift; sourceTree = "<group>"; };
		8476093626CCCE60006B9878 /* DataControl.swift */ = {isa = PBXFileReference; lastKnownFileType = sourcecode.swift; path = DataControl.swift; sourceTree = "<group>"; };
		8476093826CCD1FC006B9878 /* ConfigureView.swift */ = {isa = PBXFileReference; lastKnownFileType = sourcecode.swift; path = ConfigureView.swift; sourceTree = "<group>"; };
		8476093B26CCD42B006B9878 /* GetData.swift */ = {isa = PBXFileReference; lastKnownFileType = sourcecode.swift; path = GetData.swift; sourceTree = "<group>"; };
		848FE7D326CE573A0070AAD1 /* LogicDB.swift */ = {isa = PBXFileReference; lastKnownFileType = sourcecode.swift; path = LogicDB.swift; sourceTree = "<group>"; };
		848FE7D726CE63C30070AAD1 /* FilterPeople.storyboard */ = {isa = PBXFileReference; lastKnownFileType = file.storyboard; path = FilterPeople.storyboard; sourceTree = "<group>"; };
		848FE7D926CE67600070AAD1 /* FilterExplorePeopleViewController.swift */ = {isa = PBXFileReference; lastKnownFileType = sourcecode.swift; path = FilterExplorePeopleViewController.swift; sourceTree = "<group>"; };
		848FE7DC26CE692B0070AAD1 /* ViewModelExplorePeople.swift */ = {isa = PBXFileReference; lastKnownFileType = sourcecode.swift; path = ViewModelExplorePeople.swift; sourceTree = "<group>"; };
		84BB975826B12D730024A98B /* AuthLogin.swift */ = {isa = PBXFileReference; lastKnownFileType = sourcecode.swift; path = AuthLogin.swift; sourceTree = "<group>"; };
		84D9367026B2839900E29F12 /* RequirementExploreLoungeCollectionViewCell.xib */ = {isa = PBXFileReference; fileEncoding = 4; lastKnownFileType = file.xib; path = RequirementExploreLoungeCollectionViewCell.xib; sourceTree = "<group>"; };
		84D9367126B2839A00E29F12 /* RequirementExploreLoungeCollectionViewCell.swift */ = {isa = PBXFileReference; fileEncoding = 4; lastKnownFileType = sourcecode.swift; path = RequirementExploreLoungeCollectionViewCell.swift; sourceTree = "<group>"; };
		84D9367226B2839A00E29F12 /* ExploreLoungeCell.swift */ = {isa = PBXFileReference; fileEncoding = 4; lastKnownFileType = sourcecode.swift; path = ExploreLoungeCell.swift; sourceTree = "<group>"; };
		84D9367326B2839A00E29F12 /* ExploreLoungeCell.xib */ = {isa = PBXFileReference; fileEncoding = 4; lastKnownFileType = file.xib; path = ExploreLoungeCell.xib; sourceTree = "<group>"; };
		84D9367C26B283E300E29F12 /* ExploreLounge.storyboard */ = {isa = PBXFileReference; fileEncoding = 4; lastKnownFileType = file.storyboard; path = ExploreLounge.storyboard; sourceTree = "<group>"; };
		84D9367E26B283EA00E29F12 /* ExploreLoungeViewController.swift */ = {isa = PBXFileReference; fileEncoding = 4; lastKnownFileType = sourcecode.swift; path = ExploreLoungeViewController.swift; sourceTree = "<group>"; };
		84D9368326B285A500E29F12 /* Struct.swift */ = {isa = PBXFileReference; lastKnownFileType = sourcecode.swift; path = Struct.swift; sourceTree = "<group>"; };
		84D9368926B289D100E29F12 /* Choose game detail.storyboard */ = {isa = PBXFileReference; fileEncoding = 4; lastKnownFileType = file.storyboard; path = "Choose game detail.storyboard"; sourceTree = "<group>"; };
		84D9368B26B289E500E29F12 /* Game.swift */ = {isa = PBXFileReference; fileEncoding = 4; lastKnownFileType = sourcecode.swift; path = Game.swift; sourceTree = "<group>"; };
		84D9368D26B289F500E29F12 /* ChooseGameViewController.swift */ = {isa = PBXFileReference; fileEncoding = 4; lastKnownFileType = sourcecode.swift; path = ChooseGameViewController.swift; sourceTree = "<group>"; };
		84D9368E26B289F500E29F12 /* GameCollectionViewCell.swift */ = {isa = PBXFileReference; fileEncoding = 4; lastKnownFileType = sourcecode.swift; path = GameCollectionViewCell.swift; sourceTree = "<group>"; };
		84D9369726B2908F00E29F12 /* CreateLoungeVC.swift */ = {isa = PBXFileReference; fileEncoding = 4; lastKnownFileType = sourcecode.swift; path = CreateLoungeVC.swift; sourceTree = "<group>"; };
		84D9369926B2909400E29F12 /* CreateLounge.storyboard */ = {isa = PBXFileReference; fileEncoding = 4; lastKnownFileType = file.storyboard; path = CreateLounge.storyboard; sourceTree = "<group>"; };
		84D9369D26B2B22D00E29F12 /* DataLounge.swift */ = {isa = PBXFileReference; lastKnownFileType = sourcecode.swift; path = DataLounge.swift; sourceTree = "<group>"; };
		84E2B95126D35BE00090D9EC /* ModelPeople.swift */ = {isa = PBXFileReference; lastKnownFileType = sourcecode.swift; path = ModelPeople.swift; sourceTree = "<group>"; };
		84F30A2726B7E69600A40BDB /* KickPlayerCollectionViewCell.xib */ = {isa = PBXFileReference; fileEncoding = 4; lastKnownFileType = file.xib; path = KickPlayerCollectionViewCell.xib; sourceTree = "<group>"; };
		84F30A2826B7E69600A40BDB /* KickPlayerCollectionViewCell.swift */ = {isa = PBXFileReference; fileEncoding = 4; lastKnownFileType = sourcecode.swift; path = KickPlayerCollectionViewCell.swift; sourceTree = "<group>"; };
		A80E61DD26B3DD01005FF4B6 /* ProfileVisitor.storyboard */ = {isa = PBXFileReference; lastKnownFileType = file.storyboard; path = ProfileVisitor.storyboard; sourceTree = "<group>"; };
		A80E61DF26B3ED40005FF4B6 /* ProfileVisitorViewController.swift */ = {isa = PBXFileReference; lastKnownFileType = sourcecode.swift; path = ProfileVisitorViewController.swift; sourceTree = "<group>"; };
		A80E61E126B421DF005FF4B6 /* Edit Achievement.storyboard */ = {isa = PBXFileReference; fileEncoding = 4; lastKnownFileType = file.storyboard; path = "Edit Achievement.storyboard"; sourceTree = "<group>"; };
		A80E61E226B421DF005FF4B6 /* AddAchievementViewController.swift */ = {isa = PBXFileReference; fileEncoding = 4; lastKnownFileType = sourcecode.swift; path = AddAchievementViewController.swift; sourceTree = "<group>"; };
		A80E61E326B421DF005FF4B6 /* EditAchievementViewController.swift */ = {isa = PBXFileReference; fileEncoding = 4; lastKnownFileType = sourcecode.swift; path = EditAchievementViewController.swift; sourceTree = "<group>"; };
		A80E61E426B421DF005FF4B6 /* Add Achievement.storyboard */ = {isa = PBXFileReference; fileEncoding = 4; lastKnownFileType = file.storyboard; path = "Add Achievement.storyboard"; sourceTree = "<group>"; };
		BF72D14226B401AC00F8DA6D /* AchievementProfileCollectionViewCell.swift */ = {isa = PBXFileReference; lastKnownFileType = sourcecode.swift; path = AchievementProfileCollectionViewCell.swift; sourceTree = "<group>"; };
		BF72D14326B401AC00F8DA6D /* AchievementProfileCollectionViewCell.xib */ = {isa = PBXFileReference; lastKnownFileType = file.xib; path = AchievementProfileCollectionViewCell.xib; sourceTree = "<group>"; };
		BF72D14A26B7DE6300F8DA6D /* ChangeBgStackView.swift */ = {isa = PBXFileReference; lastKnownFileType = sourcecode.swift; path = ChangeBgStackView.swift; sourceTree = "<group>"; };
		BFCE10CE26B2B4BD00C206B5 /* ProfileUserViewController.swift */ = {isa = PBXFileReference; lastKnownFileType = sourcecode.swift; name = ProfileUserViewController.swift; path = "GConnect/Features/Profile User/View/ProfileUserViewController.swift"; sourceTree = SOURCE_ROOT; };
		BFCE10D026B2B4EF00C206B5 /* ProfileUser.storyboard */ = {isa = PBXFileReference; lastKnownFileType = file.storyboard; path = ProfileUser.storyboard; sourceTree = "<group>"; };
		BFE80C0A26CF906200FFC9DE /* DataPeople.swift */ = {isa = PBXFileReference; lastKnownFileType = sourcecode.swift; path = DataPeople.swift; sourceTree = "<group>"; };
		C092DB4CBC1EC1413549CEB6 /* Pods-GConnect.release.xcconfig */ = {isa = PBXFileReference; includeInIndex = 1; lastKnownFileType = text.xcconfig; name = "Pods-GConnect.release.xcconfig"; path = "Target Support Files/Pods-GConnect/Pods-GConnect.release.xcconfig"; sourceTree = "<group>"; };
		E001319426B51EDB00A315EB /* GamesCollectionViewCell.swift */ = {isa = PBXFileReference; lastKnownFileType = sourcecode.swift; path = GamesCollectionViewCell.swift; sourceTree = "<group>"; };
		E001319526B51EDB00A315EB /* GamesCollectionViewCell.xib */ = {isa = PBXFileReference; lastKnownFileType = file.xib; path = GamesCollectionViewCell.xib; sourceTree = "<group>"; };
		E001319A26B533BB00A315EB /* Games.swift */ = {isa = PBXFileReference; lastKnownFileType = sourcecode.swift; path = Games.swift; sourceTree = "<group>"; };
		E011EC5A26BBC0FF005E929B /* FilterLoungeModel.swift */ = {isa = PBXFileReference; lastKnownFileType = sourcecode.swift; name = FilterLoungeModel.swift; path = "GConnect/Features/Filter Lounge/Model/FilterLoungeModel.swift"; sourceTree = SOURCE_ROOT; };
		E011EC7F26BC002B005E929B /* AchievementEmptyCollectionViewCell.swift */ = {isa = PBXFileReference; lastKnownFileType = sourcecode.swift; path = AchievementEmptyCollectionViewCell.swift; sourceTree = "<group>"; };
		E011EC8026BC002B005E929B /* AchievementEmptyCollectionViewCell.xib */ = {isa = PBXFileReference; lastKnownFileType = file.xib; path = AchievementEmptyCollectionViewCell.xib; sourceTree = "<group>"; };
		E01EE1E326B818210065F668 /* DetailLoungeCollectionViewCell.swift */ = {isa = PBXFileReference; lastKnownFileType = sourcecode.swift; path = DetailLoungeCollectionViewCell.swift; sourceTree = "<group>"; };
		E01EE1E426B818210065F668 /* DetailLoungeCollectionViewCell.xib */ = {isa = PBXFileReference; lastKnownFileType = file.xib; path = DetailLoungeCollectionViewCell.xib; sourceTree = "<group>"; };
		E01EE1E726B81D3B0065F668 /* DetailLoungeViewModel.swift */ = {isa = PBXFileReference; lastKnownFileType = sourcecode.swift; name = DetailLoungeViewModel.swift; path = "GConnect/Features/Detail Lounge/View Model/DetailLoungeViewModel.swift"; sourceTree = SOURCE_ROOT; };
		E01EE1E926B862EC0065F668 /* LoungeMember.swift */ = {isa = PBXFileReference; lastKnownFileType = sourcecode.swift; path = LoungeMember.swift; sourceTree = "<group>"; };
		E02FC20626B174FE00963710 /* DatePicker.swift */ = {isa = PBXFileReference; lastKnownFileType = sourcecode.swift; path = DatePicker.swift; sourceTree = "<group>"; };
		E02FC20826B2B07400963710 /* CreateGameDetailViewController.swift */ = {isa = PBXFileReference; lastKnownFileType = sourcecode.swift; path = CreateGameDetailViewController.swift; sourceTree = "<group>"; };
		E04E0FDD26B0058200A81F92 /* GConnect.app */ = {isa = PBXFileReference; explicitFileType = wrapper.application; includeInIndex = 0; path = GConnect.app; sourceTree = BUILT_PRODUCTS_DIR; };
		E04E0FE026B0058200A81F92 /* AppDelegate.swift */ = {isa = PBXFileReference; lastKnownFileType = sourcecode.swift; path = AppDelegate.swift; sourceTree = "<group>"; };
		E04E0FE226B0058200A81F92 /* SceneDelegate.swift */ = {isa = PBXFileReference; lastKnownFileType = sourcecode.swift; path = SceneDelegate.swift; sourceTree = "<group>"; };
		E04E0FE926B0058500A81F92 /* Assets.xcassets */ = {isa = PBXFileReference; lastKnownFileType = folder.assetcatalog; path = Assets.xcassets; sourceTree = "<group>"; };
		E04E0FEC26B0058500A81F92 /* Base */ = {isa = PBXFileReference; lastKnownFileType = file.storyboard; name = Base; path = Base.lproj/LaunchScreen.storyboard; sourceTree = "<group>"; };
		E04E0FEE26B0058500A81F92 /* Info.plist */ = {isa = PBXFileReference; lastKnownFileType = text.plist.xml; path = Info.plist; sourceTree = "<group>"; };
		E04E100A26B00A1D00A81F92 /* LoginViewController.swift */ = {isa = PBXFileReference; lastKnownFileType = sourcecode.swift; path = LoginViewController.swift; sourceTree = "<group>"; };
		E04E101026B019D900A81F92 /* Login.storyboard */ = {isa = PBXFileReference; lastKnownFileType = file.storyboard; path = Login.storyboard; sourceTree = "<group>"; };
		E04E101226B01D1200A81F92 /* GoogleService-Info.plist */ = {isa = PBXFileReference; fileEncoding = 4; lastKnownFileType = text.plist.xml; path = "GoogleService-Info.plist"; sourceTree = "<group>"; };
		E06AA42926B7CE4A00357B01 /* FilterLounge.storyboard */ = {isa = PBXFileReference; fileEncoding = 4; lastKnownFileType = file.storyboard; path = FilterLounge.storyboard; sourceTree = "<group>"; };
		E06AA42A26B7CE4D00357B01 /* FilterLoungeViewController.swift */ = {isa = PBXFileReference; fileEncoding = 4; lastKnownFileType = sourcecode.swift; path = FilterLoungeViewController.swift; sourceTree = "<group>"; };
		E06ED46526B410E600EC18B0 /* CreateLoungeViewModel.swift */ = {isa = PBXFileReference; lastKnownFileType = sourcecode.swift; path = CreateLoungeViewModel.swift; sourceTree = "<group>"; };
		E081880226BF9FDE00A68633 /* ReplaceCurrentViewController.swift */ = {isa = PBXFileReference; lastKnownFileType = sourcecode.swift; path = ReplaceCurrentViewController.swift; sourceTree = "<group>"; };
		E081880426BFC1C900A68633 /* ProfilePicView.swift */ = {isa = PBXFileReference; lastKnownFileType = sourcecode.swift; path = ProfilePicView.swift; sourceTree = "<group>"; };
		E081880626BFC1E000A68633 /* ProfilePic.xib */ = {isa = PBXFileReference; lastKnownFileType = file.xib; path = ProfilePic.xib; sourceTree = "<group>"; };
		E081880826BFC2A700A68633 /* LoadViewFromNib.swift */ = {isa = PBXFileReference; lastKnownFileType = sourcecode.swift; path = LoadViewFromNib.swift; sourceTree = "<group>"; };
		E081880B26BFD8CA00A68633 /* EmptyExploreLoungeCollectionViewCell.swift */ = {isa = PBXFileReference; lastKnownFileType = sourcecode.swift; path = EmptyExploreLoungeCollectionViewCell.swift; sourceTree = "<group>"; };
		E081880C26BFD8CA00A68633 /* EmptyExploreLoungeCollectionViewCell.xib */ = {isa = PBXFileReference; lastKnownFileType = file.xib; path = EmptyExploreLoungeCollectionViewCell.xib; sourceTree = "<group>"; };
		E081881026BFE4A600A68633 /* EmptyListLoungeCollectionViewCell.swift */ = {isa = PBXFileReference; lastKnownFileType = sourcecode.swift; path = EmptyListLoungeCollectionViewCell.swift; sourceTree = "<group>"; };
		E081881126BFE4A600A68633 /* EmptyListLoungeCollectionViewCell.xib */ = {isa = PBXFileReference; lastKnownFileType = file.xib; path = EmptyListLoungeCollectionViewCell.xib; sourceTree = "<group>"; };
		E08F234C26BCF74A00D7E0BA /* ChatLounge.storyboard */ = {isa = PBXFileReference; lastKnownFileType = file.storyboard; path = ChatLounge.storyboard; sourceTree = "<group>"; };
		E08F234E26BCFB9E00D7E0BA /* ChatLoungeViewController.swift */ = {isa = PBXFileReference; lastKnownFileType = sourcecode.swift; path = ChatLoungeViewController.swift; sourceTree = "<group>"; };
		E08F235026BCFBE700D7E0BA /* Chat.swift */ = {isa = PBXFileReference; lastKnownFileType = sourcecode.swift; path = Chat.swift; sourceTree = "<group>"; };
		E08F235226BCFBF400D7E0BA /* ChatUser.swift */ = {isa = PBXFileReference; lastKnownFileType = sourcecode.swift; path = ChatUser.swift; sourceTree = "<group>"; };
		E08F235426BCFBFF00D7E0BA /* Message.swift */ = {isa = PBXFileReference; lastKnownFileType = sourcecode.swift; path = Message.swift; sourceTree = "<group>"; };
		E09D67C626BE8F4400270C19 /* ListChatLoungeCollectionViewCell.swift */ = {isa = PBXFileReference; lastKnownFileType = sourcecode.swift; path = ListChatLoungeCollectionViewCell.swift; sourceTree = "<group>"; };
		E09D67C726BE8F4400270C19 /* ListChatLoungeCollectionViewCell.xib */ = {isa = PBXFileReference; lastKnownFileType = file.xib; path = ListChatLoungeCollectionViewCell.xib; sourceTree = "<group>"; };
		E09D67CA26BE920A00270C19 /* ChatListViewModel.swift */ = {isa = PBXFileReference; lastKnownFileType = sourcecode.swift; path = ChatListViewModel.swift; sourceTree = "<group>"; };
		E0AF775D26D21CC60095DA01 /* ChatPersonalViewController.swift */ = {isa = PBXFileReference; lastKnownFileType = sourcecode.swift; path = ChatPersonalViewController.swift; sourceTree = "<group>"; };
		E0AF775F26D21CF30095DA01 /* ChatPersonal.storyboard */ = {isa = PBXFileReference; lastKnownFileType = file.storyboard; path = ChatPersonal.storyboard; sourceTree = "<group>"; };
		E0AF776226D3BAC40095DA01 /* LoungeChatListViewController.swift */ = {isa = PBXFileReference; lastKnownFileType = sourcecode.swift; path = LoungeChatListViewController.swift; sourceTree = "<group>"; };
		E0AF776426D3BB030095DA01 /* PersonalChatListViewController.swift */ = {isa = PBXFileReference; lastKnownFileType = sourcecode.swift; path = PersonalChatListViewController.swift; sourceTree = "<group>"; };
		E0AF776826D3C1C70095DA01 /* PersonalChatCollectionViewCell.swift */ = {isa = PBXFileReference; lastKnownFileType = sourcecode.swift; path = PersonalChatCollectionViewCell.swift; sourceTree = "<group>"; };
		E0AF776926D3C1C70095DA01 /* PersonalChatCollectionViewCell.xib */ = {isa = PBXFileReference; lastKnownFileType = file.xib; path = PersonalChatCollectionViewCell.xib; sourceTree = "<group>"; };
		E0AF776E26D4B52A0095DA01 /* EmptyPersonalChatListCollectionViewCell.swift */ = {isa = PBXFileReference; lastKnownFileType = sourcecode.swift; path = EmptyPersonalChatListCollectionViewCell.swift; sourceTree = "<group>"; };
		E0AF776F26D4B52A0095DA01 /* EmptyPersonalChatListCollectionViewCell.xib */ = {isa = PBXFileReference; lastKnownFileType = file.xib; path = EmptyPersonalChatListCollectionViewCell.xib; sourceTree = "<group>"; };
		E0E51A2726CCE4E30084C22E /* SetRounded.swift */ = {isa = PBXFileReference; lastKnownFileType = sourcecode.swift; path = SetRounded.swift; sourceTree = "<group>"; };
		E0E51A3226CD83500084C22E /* ExplorePeopleUIView.swift */ = {isa = PBXFileReference; lastKnownFileType = sourcecode.swift; path = ExplorePeopleUIView.swift; sourceTree = "<group>"; };
		E0E51A3426CD87940084C22E /* SetImageTextField.swift */ = {isa = PBXFileReference; lastKnownFileType = sourcecode.swift; path = SetImageTextField.swift; sourceTree = "<group>"; };
		E0E51A3726CE10F40084C22E /* ExplorePeopleCollectionViewCell.swift */ = {isa = PBXFileReference; lastKnownFileType = sourcecode.swift; path = ExplorePeopleCollectionViewCell.swift; sourceTree = "<group>"; };
		E0E51A3826CE10F40084C22E /* ExplorePeopleCollectionViewCell.xib */ = {isa = PBXFileReference; lastKnownFileType = file.xib; path = ExplorePeopleCollectionViewCell.xib; sourceTree = "<group>"; };
		E8024AFB26B91E0A004674F3 /* NetworkService.swift */ = {isa = PBXFileReference; lastKnownFileType = sourcecode.swift; name = NetworkService.swift; path = GConnect/Helper/Networking/NetworkService.swift; sourceTree = SOURCE_ROOT; };
		E8024AFE26B91F26004674F3 /* Route.swift */ = {isa = PBXFileReference; lastKnownFileType = sourcecode.swift; name = Route.swift; path = GConnect/Helper/Networking/Route.swift; sourceTree = SOURCE_ROOT; };
		E8024B0126B91FCC004674F3 /* Method.swift */ = {isa = PBXFileReference; lastKnownFileType = sourcecode.swift; name = Method.swift; path = GConnect/Helper/Networking/Method.swift; sourceTree = SOURCE_ROOT; };
		E8024B0526B92322004674F3 /* String+Extension.swift */ = {isa = PBXFileReference; lastKnownFileType = sourcecode.swift; name = "String+Extension.swift"; path = "GConnect/Helper/Networking/String+Extension.swift"; sourceTree = SOURCE_ROOT; };
		E8024B1E26B941D5004674F3 /* AppError.swift */ = {isa = PBXFileReference; lastKnownFileType = sourcecode.swift; path = AppError.swift; sourceTree = "<group>"; };
		E8024B2226B94D83004674F3 /* APIResponse.swift */ = {isa = PBXFileReference; lastKnownFileType = sourcecode.swift; path = APIResponse.swift; sourceTree = "<group>"; };
		E807B2F726CE5F3000724046 /* InvitationList.swift */ = {isa = PBXFileReference; lastKnownFileType = sourcecode.swift; path = InvitationList.swift; sourceTree = "<group>"; };
		E807B2FB26CE6FD800724046 /* CollectionViewCell.swift */ = {isa = PBXFileReference; lastKnownFileType = sourcecode.swift; path = CollectionViewCell.swift; sourceTree = "<group>"; };
		E860FB2226D4E74900A63CF7 /* loungeListCollectionViewCell.swift */ = {isa = PBXFileReference; lastKnownFileType = sourcecode.swift; path = loungeListCollectionViewCell.swift; sourceTree = "<group>"; };
		E860FB2526D4FD3D00A63CF7 /* InvitationViewModel.swift */ = {isa = PBXFileReference; lastKnownFileType = sourcecode.swift; path = InvitationViewModel.swift; sourceTree = "<group>"; };
		E8A196E426CF9CD300F69F22 /* InvitationListViewController.swift */ = {isa = PBXFileReference; lastKnownFileType = sourcecode.swift; path = InvitationListViewController.swift; sourceTree = "<group>"; };
		E8A196E726CF9D0200F69F22 /* InvitationList.storyboard */ = {isa = PBXFileReference; lastKnownFileType = file.storyboard; path = InvitationList.storyboard; sourceTree = "<group>"; };
		E8A196EC26CF9FBB00F69F22 /* InvitationListCell.swift */ = {isa = PBXFileReference; lastKnownFileType = sourcecode.swift; path = InvitationListCell.swift; sourceTree = "<group>"; };
		E8A196ED26CF9FBB00F69F22 /* InvitationListCell.xib */ = {isa = PBXFileReference; lastKnownFileType = file.xib; path = InvitationListCell.xib; sourceTree = "<group>"; };
		E8E85A3126D3B67F00610DF2 /* InviteToLounge.storyboard */ = {isa = PBXFileReference; lastKnownFileType = file.storyboard; path = InviteToLounge.storyboard; sourceTree = "<group>"; };
		E8E85A3426D3BA2100610DF2 /* InviteToLoungeViewController.swift */ = {isa = PBXFileReference; lastKnownFileType = sourcecode.swift; path = InviteToLoungeViewController.swift; sourceTree = "<group>"; };
/* End PBXFileReference section */

/* Begin PBXFrameworksBuildPhase section */
		E04E0FDA26B0058200A81F92 /* Frameworks */ = {
			isa = PBXFrameworksBuildPhase;
			buildActionMask = 2147483647;
			files = (
				FD6F9DDA0EDE242BC7E2DFD3 /* Pods_GConnect.framework in Frameworks */,
			);
			runOnlyForDeploymentPostprocessing = 0;
		};
/* End PBXFrameworksBuildPhase section */

/* Begin PBXGroup section */
		2D52F7BF3D18110E96000F66 /* Frameworks */ = {
			isa = PBXGroup;
			children = (
				4852E42181E6C2BB21B7925F /* Pods_GConnect.framework */,
			);
			name = Frameworks;
			sourceTree = "<group>";
		};
		3936503D26B3DD80001907E6 /* ProfilePictRank */ = {
			isa = PBXGroup;
			children = (
				E081880426BFC1C900A68633 /* ProfilePicView.swift */,
				E081880626BFC1E000A68633 /* ProfilePic.xib */,
			);
			path = ProfilePictRank;
			sourceTree = "<group>";
		};
		7C9ECE3B26BE64E800DBA826 /* ChatList */ = {
			isa = PBXGroup;
			children = (
				7C9ECE3D26BE64E800DBA826 /* View */,
				7C9ECE3F26BE64E800DBA826 /* View Model */,
			);
			path = ChatList;
			sourceTree = "<group>";
		};
		7C9ECE3D26BE64E800DBA826 /* View */ = {
			isa = PBXGroup;
			children = (
				E0AF776126D3BA890095DA01 /* CollectionView */,
				7C9ECE4026BE64E800DBA826 /* ChatListViewController.swift */,
				7C9ECE3E26BE64E800DBA826 /* ChatList.storyboard */,
			);
			path = View;
			sourceTree = "<group>";
		};
		7C9ECE3F26BE64E800DBA826 /* View Model */ = {
			isa = PBXGroup;
			children = (
				E09D67CA26BE920A00270C19 /* ChatListViewModel.swift */,
			);
			path = "View Model";
			sourceTree = "<group>";
		};
		7C9ECE4326BE650100DBA826 /* ChatList */ = {
			isa = PBXGroup;
			children = (
				E0AF776726D3C1A20095DA01 /* Personal Chat List */,
				E0AF776626D3C1870095DA01 /* Lounge Chat List */,
			);
			path = ChatList;
			sourceTree = "<group>";
		};
		7CB18F5E26BD93CE0065D1CC /* Struct Networking */ = {
			isa = PBXGroup;
			children = (
				7CB18F6226BD93EB0065D1CC /* ApiService.swift */,
				7CB18F6126BD93EB0065D1CC /* Struct API.swift */,
				7CB18F6026BD93EB0065D1CC /* Test.storyboard */,
				7CB18F5F26BD93EB0065D1CC /* ViewController.swift */,
			);
			path = "Struct Networking";
			sourceTree = "<group>";
		};
		7CB3A24726B29DE300259119 /* Detail Lounge */ = {
			isa = PBXGroup;
			children = (
				84BE2EF026BA695E005A9643 /* View Model */,
				7CB3A24826B29DF000259119 /* Model */,
				7CB3A24A26B29DFF00259119 /* View */,
			);
			path = "Detail Lounge";
			sourceTree = "<group>";
		};
		7CB3A24826B29DF000259119 /* Model */ = {
			isa = PBXGroup;
			children = (
				E01EE1E926B862EC0065F668 /* LoungeMember.swift */,
			);
			path = Model;
			sourceTree = "<group>";
		};
		7CB3A24A26B29DFF00259119 /* View */ = {
			isa = PBXGroup;
			children = (
				7CB3A24B26B29EDD00259119 /* DetailLounge.storyboard */,
				7CB3A25326B2ABDF00259119 /* DetailLoungeViewController.swift */,
			);
			path = View;
			sourceTree = "<group>";
		};
		8405A5EC26B15427009D1375 /* SignUp */ = {
			isa = PBXGroup;
			children = (
				8476093A26CCD3CA006B9878 /* ViewModel */,
				8405A5EF26B1543D009D1375 /* Model */,
				8405A5ED26B1542F009D1375 /* View */,
			);
			path = SignUp;
			sourceTree = "<group>";
		};
		8405A5ED26B1542F009D1375 /* View */ = {
			isa = PBXGroup;
			children = (
				8405A5F126B1546A009D1375 /* SignUp.storyboard */,
				8405A5F026B15466009D1375 /* SignUpViewController.swift */,
			);
			name = View;
			path = "../New Group/View";
			sourceTree = "<group>";
		};
		8405A5EF26B1543D009D1375 /* Model */ = {
			isa = PBXGroup;
			children = (
				8405A5F426B15493009D1375 /* StoreDataAuth.swift */,
			);
			path = Model;
			sourceTree = "<group>";
		};
		8405A5F626B15599009D1375 /* Utilities */ = {
			isa = PBXGroup;
			children = (
				8405A5FF26B155E4009D1375 /* CheckEmail.swift */,
				8405A60126B155FD009D1375 /* PageControl.swift */,
				8405A5FB26B155D8009D1375 /* BottomLineTextField.swift */,
				8405A5FA26B155D7009D1375 /* HideKeyboard.swift */,
				8405A5F926B155D5009D1375 /* PaddingTextField.swift */,
				E02FC20626B174FE00963710 /* DatePicker.swift */,
				BF72D14A26B7DE6300F8DA6D /* ChangeBgStackView.swift */,
				E081880226BF9FDE00A68633 /* ReplaceCurrentViewController.swift */,
				E081880826BFC2A700A68633 /* LoadViewFromNib.swift */,
				E0E51A2726CCE4E30084C22E /* SetRounded.swift */,
				E0E51A3426CD87940084C22E /* SetImageTextField.swift */,
			);
			path = Utilities;
			sourceTree = "<group>";
		};
		8434498626B83EBA00F66A2B /* Model */ = {
			isa = PBXGroup;
			children = (
				8434498726B8400F00F66A2B /* DataUser.swift */,
			);
			path = Model;
			sourceTree = "<group>";
		};
		8445D0AD26D8D4E300C56ABE /* ViewTest */ = {
			isa = PBXGroup;
			children = (
				8445D0AE26D8D50A00C56ABE /* TestingSB.storyboard */,
				8445D0B026D8E3C900C56ABE /* TestingSBViewController.swift */,
			);
			path = ViewTest;
			sourceTree = "<group>";
		};
		8447AE0926BD519B005AB338 /* LodingPage */ = {
			isa = PBXGroup;
			children = (
				7CB18F6726BD94130065D1CC /* Loading.storyboard */,
				7CB18F6826BD94130065D1CC /* LoadingViewController.swift */,
			);
			path = LodingPage;
			sourceTree = "<group>";
		};
		846D97A126CD15AD00546A27 /* Explore People */ = {
			isa = PBXGroup;
			children = (
				BFE80C0926CF902F00FFC9DE /* View Model */,
				846D97A226CD15D600546A27 /* View */,
			);
			path = "Explore People";
			sourceTree = "<group>";
		};
		846D97A226CD15D600546A27 /* View */ = {
			isa = PBXGroup;
			children = (
				846D97A326CD15E500546A27 /* ExplorePeople.storyboard */,
				846D97A526CD18B000546A27 /* ExplorePeopleViewController.swift */,
				E0E51A3226CD83500084C22E /* ExplorePeopleUIView.swift */,
			);
			path = View;
			sourceTree = "<group>";
		};
		846D97A726CE18F300546A27 /* FilterPeople */ = {
			isa = PBXGroup;
			children = (
				84E2B95026D35BC70090D9EC /* ModelPeople */,
				848FE7DB26CE69100070AAD1 /* ViewModel */,
				848FE7D626CE63AA0070AAD1 /* View */,
				848FE7D526CE639F0070AAD1 /* Trash */,
			);
			path = FilterPeople;
			sourceTree = "<group>";
		};
		8476092926C97CEC006B9878 /* ViewModel */ = {
			isa = PBXGroup;
			children = (
				8476092A26C97D0A006B9878 /* AchivementViewModel.swift */,
			);
			path = ViewModel;
			sourceTree = "<group>";
		};
		8476092C26CA449D006B9878 /* ViewModel */ = {
			isa = PBXGroup;
			children = (
				8476092F26CA45F7006B9878 /* Datas.swift */,
			);
			path = ViewModel;
			sourceTree = "<group>";
		};
		8476093126CA55B9006B9878 /* ViewModel */ = {
			isa = PBXGroup;
			children = (
				8476093226CA55C9006B9878 /* ViewModel.swift */,
			);
			path = ViewModel;
			sourceTree = "<group>";
		};
		8476093A26CCD3CA006B9878 /* ViewModel */ = {
			isa = PBXGroup;
			children = (
				8476093B26CCD42B006B9878 /* GetData.swift */,
			);
			path = ViewModel;
			sourceTree = "<group>";
		};
		848FE7D526CE639F0070AAD1 /* Trash */ = {
			isa = PBXGroup;
			children = (
				846D97A826CE190D00546A27 /* FilterPeopleViewController.swift */,
				848FE7D326CE573A0070AAD1 /* LogicDB.swift */,
			);
			path = Trash;
			sourceTree = "<group>";
		};
		848FE7D626CE63AA0070AAD1 /* View */ = {
			isa = PBXGroup;
			children = (
				848FE7D726CE63C30070AAD1 /* FilterPeople.storyboard */,
				848FE7D926CE67600070AAD1 /* FilterExplorePeopleViewController.swift */,
			);
			path = View;
			sourceTree = "<group>";
		};
		848FE7DB26CE69100070AAD1 /* ViewModel */ = {
			isa = PBXGroup;
			children = (
				848FE7DC26CE692B0070AAD1 /* ViewModelExplorePeople.swift */,
			);
			path = ViewModel;
			sourceTree = "<group>";
		};
		84BB975726B12D610024A98B /* Model */ = {
			isa = PBXGroup;
			children = (
				84BB975826B12D730024A98B /* AuthLogin.swift */,
			);
			path = Model;
			sourceTree = "<group>";
		};
		84BE2EF026BA695E005A9643 /* View Model */ = {
			isa = PBXGroup;
			children = (
				E01EE1E726B81D3B0065F668 /* DetailLoungeViewModel.swift */,
			);
			path = "View Model";
			sourceTree = "<group>";
		};
		84D9366D26B2836A00E29F12 /* Themes */ = {
			isa = PBXGroup;
			children = (
				84D9366E26B2837700E29F12 /* UI */,
			);
			path = Themes;
			sourceTree = "<group>";
		};
		84D9366E26B2837700E29F12 /* UI */ = {
			isa = PBXGroup;
			children = (
				E8A196EA26CF9F1000F69F22 /* InvitationListCell */,
				E0E51A3626CE10C20084C22E /* ExplorePeopleCell */,
				E081880F26BFE48800A68633 /* EmptyChatList */,
				E081880A26BFD8A000A68633 /* EmptyExploreLounge */,
				7C9ECE4326BE650100DBA826 /* ChatList */,
				E011EC7E26BBFFF6005E929B /* AchievementEmpty */,
				E01EE1DE26B817BC0065F668 /* DetailLounge */,
				84F30A2C26B7E6E300A40BDB /* DetailLoungePlayer */,
				84F30A2B26B7E6D000A40BDB /* DetailloungeRole */,
				84F30A2626B7E66F00A40BDB /* KickPlayerCollection */,
				E001319326B51EAC00A315EB /* GamesCell */,
				BF72D14126B4016900F8DA6D /* AchievementProfileCell */,
				3936503D26B3DD80001907E6 /* ProfilePictRank */,
				84D9366F26B2838200E29F12 /* ExploreLoungeCell */,
			);
			path = UI;
			sourceTree = "<group>";
		};
		84D9366F26B2838200E29F12 /* ExploreLoungeCell */ = {
			isa = PBXGroup;
			children = (
				84D9367226B2839A00E29F12 /* ExploreLoungeCell.swift */,
				84D9367326B2839A00E29F12 /* ExploreLoungeCell.xib */,
				84D9367126B2839A00E29F12 /* RequirementExploreLoungeCollectionViewCell.swift */,
				84D9367026B2839900E29F12 /* RequirementExploreLoungeCollectionViewCell.xib */,
			);
			path = ExploreLoungeCell;
			sourceTree = "<group>";
		};
		84D9367826B283BD00E29F12 /* Explore Lounge */ = {
			isa = PBXGroup;
			children = (
				8476092C26CA449D006B9878 /* ViewModel */,
				84D9367A26B283CC00E29F12 /* Model */,
				84D9367926B283C800E29F12 /* View */,
			);
			path = "Explore Lounge";
			sourceTree = "<group>";
		};
		84D9367926B283C800E29F12 /* View */ = {
			isa = PBXGroup;
			children = (
				84D9367C26B283E300E29F12 /* ExploreLounge.storyboard */,
				84D9367E26B283EA00E29F12 /* ExploreLoungeViewController.swift */,
				8445D0AA26D8D19600C56ABE /* TabBarViewController.swift */,
			);
			path = View;
			sourceTree = "<group>";
		};
		84D9367A26B283CC00E29F12 /* Model */ = {
			isa = PBXGroup;
			children = (
				84D9369D26B2B22D00E29F12 /* DataLounge.swift */,
			);
			path = Model;
			sourceTree = "<group>";
		};
		84D9368026B2858500E29F12 /* Struct */ = {
			isa = PBXGroup;
			children = (
				84D9368326B285A500E29F12 /* Struct.swift */,
			);
			path = Struct;
			sourceTree = "<group>";
		};
		84D9368526B289B000E29F12 /* Create Profile */ = {
			isa = PBXGroup;
			children = (
				84D9368826B289C400E29F12 /* View Model */,
				84D9368726B289BE00E29F12 /* View */,
				84D9368626B289B900E29F12 /* Model */,
			);
			path = "Create Profile";
			sourceTree = "<group>";
		};
		84D9368626B289B900E29F12 /* Model */ = {
			isa = PBXGroup;
			children = (
				84D9368B26B289E500E29F12 /* Game.swift */,
			);
			path = Model;
			sourceTree = "<group>";
		};
		84D9368726B289BE00E29F12 /* View */ = {
			isa = PBXGroup;
			children = (
				84D9368D26B289F500E29F12 /* ChooseGameViewController.swift */,
				E02FC20826B2B07400963710 /* CreateGameDetailViewController.swift */,
				84D9368926B289D100E29F12 /* Choose game detail.storyboard */,
			);
			path = View;
			sourceTree = "<group>";
		};
		84D9368826B289C400E29F12 /* View Model */ = {
			isa = PBXGroup;
			children = (
				84D9368E26B289F500E29F12 /* GameCollectionViewCell.swift */,
				8476093426CCCD9B006B9878 /* CreateGameDetail.swift */,
			);
			path = "View Model";
			sourceTree = "<group>";
		};
		84D9369326B2904D00E29F12 /* Create Lounge */ = {
			isa = PBXGroup;
			children = (
				E06ED46226B40A3200EC18B0 /* Model */,
				84D9369526B2907D00E29F12 /* View Model */,
				84D9369426B2907700E29F12 /* View */,
			);
			path = "Create Lounge";
			sourceTree = "<group>";
		};
		84D9369426B2907700E29F12 /* View */ = {
			isa = PBXGroup;
			children = (
				84D9369726B2908F00E29F12 /* CreateLoungeVC.swift */,
				84D9369926B2909400E29F12 /* CreateLounge.storyboard */,
			);
			path = View;
			sourceTree = "<group>";
		};
		84D9369526B2907D00E29F12 /* View Model */ = {
			isa = PBXGroup;
			children = (
				E06ED46526B410E600EC18B0 /* CreateLoungeViewModel.swift */,
			);
			path = "View Model";
			sourceTree = "<group>";
		};
		84E2B95026D35BC70090D9EC /* ModelPeople */ = {
			isa = PBXGroup;
			children = (
				84E2B95126D35BE00090D9EC /* ModelPeople.swift */,
			);
			path = ModelPeople;
			sourceTree = "<group>";
		};
		84F30A1E26B7E57A00A40BDB /* Achivement */ = {
			isa = PBXGroup;
			children = (
				8476092926C97CEC006B9878 /* ViewModel */,
				84F30A1F26B7E58100A40BDB /* View */,
			);
			path = Achivement;
			sourceTree = "<group>";
		};
		84F30A1F26B7E58100A40BDB /* View */ = {
			isa = PBXGroup;
			children = (
				A80E61E426B421DF005FF4B6 /* Add Achievement.storyboard */,
				A80E61E226B421DF005FF4B6 /* AddAchievementViewController.swift */,
				A80E61E126B421DF005FF4B6 /* Edit Achievement.storyboard */,
				A80E61E326B421DF005FF4B6 /* EditAchievementViewController.swift */,
			);
			path = View;
			sourceTree = "<group>";
		};
		84F30A2226B7E5AF00A40BDB /* Profile Visitor */ = {
			isa = PBXGroup;
			children = (
				84F30A2526B7E5E400A40BDB /* View Model */,
				84F30A2426B7E5DC00A40BDB /* Model */,
				84F30A2326B7E5D600A40BDB /* View */,
			);
			path = "Profile Visitor";
			sourceTree = "<group>";
		};
		84F30A2326B7E5D600A40BDB /* View */ = {
			isa = PBXGroup;
			children = (
				A80E61DD26B3DD01005FF4B6 /* ProfileVisitor.storyboard */,
				A80E61DF26B3ED40005FF4B6 /* ProfileVisitorViewController.swift */,
			);
			path = View;
			sourceTree = "<group>";
		};
		84F30A2426B7E5DC00A40BDB /* Model */ = {
			isa = PBXGroup;
			children = (
			);
			path = Model;
			sourceTree = "<group>";
		};
		84F30A2526B7E5E400A40BDB /* View Model */ = {
			isa = PBXGroup;
			children = (
			);
			path = "View Model";
			sourceTree = "<group>";
		};
		84F30A2626B7E66F00A40BDB /* KickPlayerCollection */ = {
			isa = PBXGroup;
			children = (
				84F30A2826B7E69600A40BDB /* KickPlayerCollectionViewCell.swift */,
				84F30A2726B7E69600A40BDB /* KickPlayerCollectionViewCell.xib */,
			);
			path = KickPlayerCollection;
			sourceTree = "<group>";
		};
		84F30A2B26B7E6D000A40BDB /* DetailloungeRole */ = {
			isa = PBXGroup;
			children = (
				7C75DFCC26B30BAA002400CA /* RoleCollectionViewCell.swift */,
				7C75DFCD26B30BAA002400CA /* RoleCollectionViewCell.xib */,
			);
			path = DetailloungeRole;
			sourceTree = "<group>";
		};
		84F30A2C26B7E6E300A40BDB /* DetailLoungePlayer */ = {
			isa = PBXGroup;
			children = (
				7C75DFC826B30727002400CA /* LoungeCollectionViewCell.swift */,
				7C75DFC926B30727002400CA /* LoungeCollectionViewCell.xib */,
			);
			path = DetailLoungePlayer;
			sourceTree = "<group>";
		};
		BF72D14126B4016900F8DA6D /* AchievementProfileCell */ = {
			isa = PBXGroup;
			children = (
				BF72D14226B401AC00F8DA6D /* AchievementProfileCollectionViewCell.swift */,
				BF72D14326B401AC00F8DA6D /* AchievementProfileCollectionViewCell.xib */,
			);
			path = AchievementProfileCell;
			sourceTree = "<group>";
		};
		BFCE10CA26B2B46B00C206B5 /* Profile User */ = {
			isa = PBXGroup;
			children = (
				8434498626B83EBA00F66A2B /* Model */,
				BFCE10CD26B2B49000C206B5 /* View Model */,
				BFCE10CC26B2B48B00C206B5 /* View */,
			);
			path = "Profile User";
			sourceTree = "<group>";
		};
		BFCE10CC26B2B48B00C206B5 /* View */ = {
			isa = PBXGroup;
			children = (
				BFCE10CE26B2B4BD00C206B5 /* ProfileUserViewController.swift */,
				8476093826CCD1FC006B9878 /* ConfigureView.swift */,
				BFCE10D026B2B4EF00C206B5 /* ProfileUser.storyboard */,
			);
			path = View;
			sourceTree = "<group>";
		};
		BFCE10CD26B2B49000C206B5 /* View Model */ = {
			isa = PBXGroup;
			children = (
				8476093626CCCE60006B9878 /* DataControl.swift */,
			);
			path = "View Model";
			sourceTree = "<group>";
		};
		BFE80C0926CF902F00FFC9DE /* View Model */ = {
			isa = PBXGroup;
			children = (
				BFE80C0A26CF906200FFC9DE /* DataPeople.swift */,
			);
			path = "View Model";
			sourceTree = "<group>";
		};
		E001319326B51EAC00A315EB /* GamesCell */ = {
			isa = PBXGroup;
			children = (
				E001319426B51EDB00A315EB /* GamesCollectionViewCell.swift */,
				E001319526B51EDB00A315EB /* GamesCollectionViewCell.xib */,
			);
			path = GamesCell;
			sourceTree = "<group>";
		};
		E011EC7E26BBFFF6005E929B /* AchievementEmpty */ = {
			isa = PBXGroup;
			children = (
				E011EC7F26BC002B005E929B /* AchievementEmptyCollectionViewCell.swift */,
				E011EC8026BC002B005E929B /* AchievementEmptyCollectionViewCell.xib */,
			);
			path = AchievementEmpty;
			sourceTree = "<group>";
		};
		E01EE1DE26B817BC0065F668 /* DetailLounge */ = {
			isa = PBXGroup;
			children = (
				E01EE1E326B818210065F668 /* DetailLoungeCollectionViewCell.swift */,
				E01EE1E426B818210065F668 /* DetailLoungeCollectionViewCell.xib */,
			);
			path = DetailLounge;
			sourceTree = "<group>";
		};
		E04E0FD426B0058200A81F92 = {
			isa = PBXGroup;
			children = (
				E04E0FDF26B0058200A81F92 /* GConnect */,
				E04E0FDE26B0058200A81F92 /* Products */,
				E5781C8DB87779570753F36A /* Pods */,
				2D52F7BF3D18110E96000F66 /* Frameworks */,
			);
			sourceTree = "<group>";
		};
		E04E0FDE26B0058200A81F92 /* Products */ = {
			isa = PBXGroup;
			children = (
				E04E0FDD26B0058200A81F92 /* GConnect.app */,
			);
			name = Products;
			sourceTree = "<group>";
		};
		E04E0FDF26B0058200A81F92 /* GConnect */ = {
			isa = PBXGroup;
			children = (
				8445D0B226DA7A1D00C56ABE /* GConnect.entitlements */,
				84D9366D26B2836A00E29F12 /* Themes */,
				E04E100526B0085400A81F92 /* Helper */,
				E04E0FF426B0059800A81F92 /* Features */,
				E04E0FE026B0058200A81F92 /* AppDelegate.swift */,
				E04E0FE226B0058200A81F92 /* SceneDelegate.swift */,
				E04E0FE926B0058500A81F92 /* Assets.xcassets */,
				E04E0FEB26B0058500A81F92 /* LaunchScreen.storyboard */,
				E04E101226B01D1200A81F92 /* GoogleService-Info.plist */,
				E04E0FEE26B0058500A81F92 /* Info.plist */,
			);
			path = GConnect;
			sourceTree = "<group>";
		};
		E04E0FF426B0059800A81F92 /* Features */ = {
			isa = PBXGroup;
			children = (
				8445D0AD26D8D4E300C56ABE /* ViewTest */,
				E0AF775B26D21BD20095DA01 /* Chat Personal */,
				846D97A726CE18F300546A27 /* FilterPeople */,
				E807B2F626CE5F1D00724046 /* Invitation */,
				846D97A126CD15AD00546A27 /* Explore People */,
				7C9ECE3B26BE64E800DBA826 /* ChatList */,
				8447AE0926BD519B005AB338 /* LodingPage */,
				E08F234626BCF69200D7E0BA /* Chat Lounge */,
				84F30A2226B7E5AF00A40BDB /* Profile Visitor */,
				84F30A1E26B7E57A00A40BDB /* Achivement */,
				E06AA42426B7CE1200357B01 /* Filter Lounge */,
				7CB3A24726B29DE300259119 /* Detail Lounge */,
				84D9369326B2904D00E29F12 /* Create Lounge */,
				84D9368526B289B000E29F12 /* Create Profile */,
				84D9367826B283BD00E29F12 /* Explore Lounge */,
				8405A5EC26B15427009D1375 /* SignUp */,
				E04E0FF526B005AC00A81F92 /* Login */,
				BFCE10CA26B2B46B00C206B5 /* Profile User */,
			);
			path = Features;
			sourceTree = "<group>";
		};
		E04E0FF526B005AC00A81F92 /* Login */ = {
			isa = PBXGroup;
			children = (
				84BB975726B12D610024A98B /* Model */,
				E04E0FF726B005D200A81F92 /* View */,
			);
			path = Login;
			sourceTree = "<group>";
		};
		E04E0FF726B005D200A81F92 /* View */ = {
			isa = PBXGroup;
			children = (
				E04E100A26B00A1D00A81F92 /* LoginViewController.swift */,
				E04E101026B019D900A81F92 /* Login.storyboard */,
			);
			path = View;
			sourceTree = "<group>";
		};
		E04E100526B0085400A81F92 /* Helper */ = {
			isa = PBXGroup;
			children = (
				7CB18F5E26BD93CE0065D1CC /* Struct Networking */,
				E8024B1D26B941B1004674F3 /* Networking */,
				84D9368026B2858500E29F12 /* Struct */,
				8405A5F626B15599009D1375 /* Utilities */,
			);
			path = Helper;
			sourceTree = "<group>";
		};
		E0587AD726BD7CB0004FBA29 /* Model */ = {
			isa = PBXGroup;
			children = (
				E011EC5A26BBC0FF005E929B /* FilterLoungeModel.swift */,
			);
			path = Model;
			sourceTree = "<group>";
		};
		E06AA42426B7CE1200357B01 /* Filter Lounge */ = {
			isa = PBXGroup;
			children = (
				8476093126CA55B9006B9878 /* ViewModel */,
				E0587AD726BD7CB0004FBA29 /* Model */,
				E06AA42526B7CE1C00357B01 /* View */,
			);
			path = "Filter Lounge";
			sourceTree = "<group>";
		};
		E06AA42526B7CE1C00357B01 /* View */ = {
			isa = PBXGroup;
			children = (
				E06AA42926B7CE4A00357B01 /* FilterLounge.storyboard */,
				E06AA42A26B7CE4D00357B01 /* FilterLoungeViewController.swift */,
			);
			name = View;
			path = "../New Group1/View";
			sourceTree = "<group>";
		};
		E06ED46226B40A3200EC18B0 /* Model */ = {
			isa = PBXGroup;
			children = (
				E001319A26B533BB00A315EB /* Games.swift */,
			);
			path = Model;
			sourceTree = "<group>";
		};
		E081880A26BFD8A000A68633 /* EmptyExploreLounge */ = {
			isa = PBXGroup;
			children = (
				E081880B26BFD8CA00A68633 /* EmptyExploreLoungeCollectionViewCell.swift */,
				E081880C26BFD8CA00A68633 /* EmptyExploreLoungeCollectionViewCell.xib */,
			);
			path = EmptyExploreLounge;
			sourceTree = "<group>";
		};
		E081880F26BFE48800A68633 /* EmptyChatList */ = {
			isa = PBXGroup;
			children = (
				E0AF776D26D4B5090095DA01 /* Empty Personal Chat List */,
				E0AF776C26D4B4F00095DA01 /* Empty Lounge Chat List */,
			);
			path = EmptyChatList;
			sourceTree = "<group>";
		};
		E08F234626BCF69200D7E0BA /* Chat Lounge */ = {
			isa = PBXGroup;
			children = (
				E08F234826BCF6A400D7E0BA /* Model */,
				E08F234726BCF69B00D7E0BA /* View */,
			);
			path = "Chat Lounge";
			sourceTree = "<group>";
		};
		E08F234726BCF69B00D7E0BA /* View */ = {
			isa = PBXGroup;
			children = (
				E08F234C26BCF74A00D7E0BA /* ChatLounge.storyboard */,
				E08F234E26BCFB9E00D7E0BA /* ChatLoungeViewController.swift */,
			);
			path = View;
			sourceTree = "<group>";
		};
		E08F234826BCF6A400D7E0BA /* Model */ = {
			isa = PBXGroup;
			children = (
				E08F235026BCFBE700D7E0BA /* Chat.swift */,
				E08F235226BCFBF400D7E0BA /* ChatUser.swift */,
				E08F235426BCFBFF00D7E0BA /* Message.swift */,
			);
			path = Model;
			sourceTree = "<group>";
		};
		E0AF775B26D21BD20095DA01 /* Chat Personal */ = {
			isa = PBXGroup;
			children = (
				E0AF775C26D21BDA0095DA01 /* View */,
			);
			path = "Chat Personal";
			sourceTree = "<group>";
		};
		E0AF775C26D21BDA0095DA01 /* View */ = {
			isa = PBXGroup;
			children = (
				E0AF775D26D21CC60095DA01 /* ChatPersonalViewController.swift */,
				E0AF775F26D21CF30095DA01 /* ChatPersonal.storyboard */,
			);
			path = View;
			sourceTree = "<group>";
		};
		E0AF776126D3BA890095DA01 /* CollectionView */ = {
			isa = PBXGroup;
			children = (
				E0AF776226D3BAC40095DA01 /* LoungeChatListViewController.swift */,
				E0AF776426D3BB030095DA01 /* PersonalChatListViewController.swift */,
			);
			path = CollectionView;
			sourceTree = "<group>";
		};
		E0AF776626D3C1870095DA01 /* Lounge Chat List */ = {
			isa = PBXGroup;
			children = (
				E09D67C626BE8F4400270C19 /* ListChatLoungeCollectionViewCell.swift */,
				E09D67C726BE8F4400270C19 /* ListChatLoungeCollectionViewCell.xib */,
			);
			path = "Lounge Chat List";
			sourceTree = "<group>";
		};
		E0AF776726D3C1A20095DA01 /* Personal Chat List */ = {
			isa = PBXGroup;
			children = (
				E0AF776826D3C1C70095DA01 /* PersonalChatCollectionViewCell.swift */,
				E0AF776926D3C1C70095DA01 /* PersonalChatCollectionViewCell.xib */,
			);
			path = "Personal Chat List";
			sourceTree = "<group>";
		};
		E0AF776C26D4B4F00095DA01 /* Empty Lounge Chat List */ = {
			isa = PBXGroup;
			children = (
				E081881026BFE4A600A68633 /* EmptyListLoungeCollectionViewCell.swift */,
				E081881126BFE4A600A68633 /* EmptyListLoungeCollectionViewCell.xib */,
			);
			path = "Empty Lounge Chat List";
			sourceTree = "<group>";
		};
		E0AF776D26D4B5090095DA01 /* Empty Personal Chat List */ = {
			isa = PBXGroup;
			children = (
				E0AF776E26D4B52A0095DA01 /* EmptyPersonalChatListCollectionViewCell.swift */,
				E0AF776F26D4B52A0095DA01 /* EmptyPersonalChatListCollectionViewCell.xib */,
			);
			path = "Empty Personal Chat List";
			sourceTree = "<group>";
		};
		E0E51A3626CE10C20084C22E /* ExplorePeopleCell */ = {
			isa = PBXGroup;
			children = (
				E0E51A3726CE10F40084C22E /* ExplorePeopleCollectionViewCell.swift */,
				E0E51A3826CE10F40084C22E /* ExplorePeopleCollectionViewCell.xib */,
			);
			path = ExplorePeopleCell;
			sourceTree = "<group>";
		};
		E5781C8DB87779570753F36A /* Pods */ = {
			isa = PBXGroup;
			children = (
				7335D301D0FC1C77547D8B15 /* Pods-GConnect.debug.xcconfig */,
				C092DB4CBC1EC1413549CEB6 /* Pods-GConnect.release.xcconfig */,
			);
			path = Pods;
			sourceTree = "<group>";
		};
		E8024B1D26B941B1004674F3 /* Networking */ = {
			isa = PBXGroup;
			children = (
				E8024AFB26B91E0A004674F3 /* NetworkService.swift */,
				E8024B1E26B941D5004674F3 /* AppError.swift */,
				E8024AFE26B91F26004674F3 /* Route.swift */,
				E8024B0126B91FCC004674F3 /* Method.swift */,
				E8024B0526B92322004674F3 /* String+Extension.swift */,
				E8024B2226B94D83004674F3 /* APIResponse.swift */,
			);
			path = Networking;
			sourceTree = "<group>";
		};
		E807B2F626CE5F1D00724046 /* Invitation */ = {
			isa = PBXGroup;
			children = (
				E8A196DE26CF9C4D00F69F22 /* View Model */,
				E8A196DD26CF9C4500F69F22 /* View */,
				E807B2F726CE5F3000724046 /* InvitationList.swift */,
				E807B2FB26CE6FD800724046 /* CollectionViewCell.swift */,
			);
			path = Invitation;
			sourceTree = "<group>";
		};
		E8A196DD26CF9C4500F69F22 /* View */ = {
			isa = PBXGroup;
			children = (
				E8A196E426CF9CD300F69F22 /* InvitationListViewController.swift */,
				E8A196E726CF9D0200F69F22 /* InvitationList.storyboard */,
				E8E85A3126D3B67F00610DF2 /* InviteToLounge.storyboard */,
				E8E85A3426D3BA2100610DF2 /* InviteToLoungeViewController.swift */,
				E860FB2226D4E74900A63CF7 /* loungeListCollectionViewCell.swift */,
			);
			path = View;
			sourceTree = "<group>";
		};
		E8A196DE26CF9C4D00F69F22 /* View Model */ = {
			isa = PBXGroup;
			children = (
				E860FB2526D4FD3D00A63CF7 /* InvitationViewModel.swift */,
			);
			path = "View Model";
			sourceTree = "<group>";
		};
		E8A196EA26CF9F1000F69F22 /* InvitationListCell */ = {
			isa = PBXGroup;
			children = (
				E8A196EC26CF9FBB00F69F22 /* InvitationListCell.swift */,
				E8A196ED26CF9FBB00F69F22 /* InvitationListCell.xib */,
			);
			path = InvitationListCell;
			sourceTree = "<group>";
		};
/* End PBXGroup section */

/* Begin PBXNativeTarget section */
		E04E0FDC26B0058200A81F92 /* GConnect */ = {
			isa = PBXNativeTarget;
			buildConfigurationList = E04E0FF126B0058500A81F92 /* Build configuration list for PBXNativeTarget "GConnect" */;
			buildPhases = (
				0EF825638D499EE95972F111 /* [CP] Check Pods Manifest.lock */,
				E04E0FD926B0058200A81F92 /* Sources */,
				E04E0FDA26B0058200A81F92 /* Frameworks */,
				E04E0FDB26B0058200A81F92 /* Resources */,
				B7E5A008CB410607A13F030F /* [CP] Embed Pods Frameworks */,
			);
			buildRules = (
			);
			dependencies = (
			);
			name = GConnect;
			productName = GConnect;
			productReference = E04E0FDD26B0058200A81F92 /* GConnect.app */;
			productType = "com.apple.product-type.application";
		};
/* End PBXNativeTarget section */

/* Begin PBXProject section */
		E04E0FD526B0058200A81F92 /* Project object */ = {
			isa = PBXProject;
			attributes = {
				LastSwiftUpdateCheck = 1250;
				LastUpgradeCheck = 1250;
				TargetAttributes = {
					E04E0FDC26B0058200A81F92 = {
						CreatedOnToolsVersion = 12.5.1;
					};
				};
			};
			buildConfigurationList = E04E0FD826B0058200A81F92 /* Build configuration list for PBXProject "GConnect" */;
			compatibilityVersion = "Xcode 9.3";
			developmentRegion = en;
			hasScannedForEncodings = 0;
			knownRegions = (
				en,
				Base,
			);
			mainGroup = E04E0FD426B0058200A81F92;
			productRefGroup = E04E0FDE26B0058200A81F92 /* Products */;
			projectDirPath = "";
			projectRoot = "";
			targets = (
				E04E0FDC26B0058200A81F92 /* GConnect */,
			);
		};
/* End PBXProject section */

/* Begin PBXResourcesBuildPhase section */
		E04E0FDB26B0058200A81F92 /* Resources */ = {
			isa = PBXResourcesBuildPhase;
			buildActionMask = 2147483647;
			files = (
				7CB18F6926BD94130065D1CC /* Loading.storyboard in Resources */,
				A80E61E526B421DF005FF4B6 /* Edit Achievement.storyboard in Resources */,
				7C9ECE4126BE64E800DBA826 /* ChatList.storyboard in Resources */,
				A80E61E826B421DF005FF4B6 /* Add Achievement.storyboard in Resources */,
				84D9367D26B283E300E29F12 /* ExploreLounge.storyboard in Resources */,
				84D9367426B2839A00E29F12 /* RequirementExploreLoungeCollectionViewCell.xib in Resources */,
				8445D0AF26D8D50A00C56ABE /* TestingSB.storyboard in Resources */,
				E001319726B51EDB00A315EB /* GamesCollectionViewCell.xib in Resources */,
				E0E51A3A26CE10F40084C22E /* ExplorePeopleCollectionViewCell.xib in Resources */,
				E0AF776B26D3C1C70095DA01 /* PersonalChatCollectionViewCell.xib in Resources */,
				7C75DFCB26B30727002400CA /* LoungeCollectionViewCell.xib in Resources */,
				E06AA42B26B7CE4D00357B01 /* FilterLounge.storyboard in Resources */,
				E09D67C926BE8F4400270C19 /* ListChatLoungeCollectionViewCell.xib in Resources */,
				E0AF776026D21CF30095DA01 /* ChatPersonal.storyboard in Resources */,
				7CB18F6426BD93EB0065D1CC /* Test.storyboard in Resources */,
				E04E0FED26B0058500A81F92 /* LaunchScreen.storyboard in Resources */,
				E8E85A3226D3B67F00610DF2 /* InviteToLounge.storyboard in Resources */,
				E8A196E826CF9D0200F69F22 /* InvitationList.storyboard in Resources */,
				E04E101326B01D1200A81F92 /* GoogleService-Info.plist in Resources */,
				E081880726BFC1E000A68633 /* ProfilePic.xib in Resources */,
				7C75DFCF26B30BAA002400CA /* RoleCollectionViewCell.xib in Resources */,
				84D9367726B2839A00E29F12 /* ExploreLoungeCell.xib in Resources */,
				E8A196EF26CF9FBB00F69F22 /* InvitationListCell.xib in Resources */,
				A80E61DE26B3DD01005FF4B6 /* ProfileVisitor.storyboard in Resources */,
				E01EE1E626B818210065F668 /* DetailLoungeCollectionViewCell.xib in Resources */,
				848FE7D826CE63C30070AAD1 /* FilterPeople.storyboard in Resources */,
				E04E0FEA26B0058500A81F92 /* Assets.xcassets in Resources */,
				846D97A426CD15E500546A27 /* ExplorePeople.storyboard in Resources */,
				E04E101126B019D900A81F92 /* Login.storyboard in Resources */,
				E081880E26BFD8CA00A68633 /* EmptyExploreLoungeCollectionViewCell.xib in Resources */,
				BFCE10D126B2B4EF00C206B5 /* ProfileUser.storyboard in Resources */,
				8405A5F326B1546A009D1375 /* SignUp.storyboard in Resources */,
				E08F234D26BCF74A00D7E0BA /* ChatLounge.storyboard in Resources */,
				7CB3A24C26B29EDD00259119 /* DetailLounge.storyboard in Resources */,
				84D9369A26B2909400E29F12 /* CreateLounge.storyboard in Resources */,
				BF72D14526B401AC00F8DA6D /* AchievementProfileCollectionViewCell.xib in Resources */,
				84F30A2926B7E69600A40BDB /* KickPlayerCollectionViewCell.xib in Resources */,
				E011EC8226BC002B005E929B /* AchievementEmptyCollectionViewCell.xib in Resources */,
				E081881326BFE4A600A68633 /* EmptyListLoungeCollectionViewCell.xib in Resources */,
				84D9368A26B289D100E29F12 /* Choose game detail.storyboard in Resources */,
				E0AF777126D4B52A0095DA01 /* EmptyPersonalChatListCollectionViewCell.xib in Resources */,
			);
			runOnlyForDeploymentPostprocessing = 0;
		};
/* End PBXResourcesBuildPhase section */

/* Begin PBXShellScriptBuildPhase section */
		0EF825638D499EE95972F111 /* [CP] Check Pods Manifest.lock */ = {
			isa = PBXShellScriptBuildPhase;
			buildActionMask = 2147483647;
			files = (
			);
			inputFileListPaths = (
			);
			inputPaths = (
				"${PODS_PODFILE_DIR_PATH}/Podfile.lock",
				"${PODS_ROOT}/Manifest.lock",
			);
			name = "[CP] Check Pods Manifest.lock";
			outputFileListPaths = (
			);
			outputPaths = (
				"$(DERIVED_FILE_DIR)/Pods-GConnect-checkManifestLockResult.txt",
			);
			runOnlyForDeploymentPostprocessing = 0;
			shellPath = /bin/sh;
			shellScript = "diff \"${PODS_PODFILE_DIR_PATH}/Podfile.lock\" \"${PODS_ROOT}/Manifest.lock\" > /dev/null\nif [ $? != 0 ] ; then\n    # print error to STDERR\n    echo \"error: The sandbox is not in sync with the Podfile.lock. Run 'pod install' or update your CocoaPods installation.\" >&2\n    exit 1\nfi\n# This output is used by Xcode 'outputs' to avoid re-running this script phase.\necho \"SUCCESS\" > \"${SCRIPT_OUTPUT_FILE_0}\"\n";
			showEnvVarsInLog = 0;
		};
		B7E5A008CB410607A13F030F /* [CP] Embed Pods Frameworks */ = {
			isa = PBXShellScriptBuildPhase;
			buildActionMask = 2147483647;
			files = (
			);
			inputFileListPaths = (
				"${PODS_ROOT}/Target Support Files/Pods-GConnect/Pods-GConnect-frameworks-${CONFIGURATION}-input-files.xcfilelist",
			);
			name = "[CP] Embed Pods Frameworks";
			outputFileListPaths = (
				"${PODS_ROOT}/Target Support Files/Pods-GConnect/Pods-GConnect-frameworks-${CONFIGURATION}-output-files.xcfilelist",
			);
			runOnlyForDeploymentPostprocessing = 0;
			shellPath = /bin/sh;
			shellScript = "\"${PODS_ROOT}/Target Support Files/Pods-GConnect/Pods-GConnect-frameworks.sh\"\n";
			showEnvVarsInLog = 0;
		};
/* End PBXShellScriptBuildPhase section */

/* Begin PBXSourcesBuildPhase section */
		E04E0FD926B0058200A81F92 /* Sources */ = {
			isa = PBXSourcesBuildPhase;
			buildActionMask = 2147483647;
			files = (
				8405A5FD26B155D8009D1375 /* HideKeyboard.swift in Sources */,
				E807B2F826CE5F3000724046 /* InvitationList.swift in Sources */,
				E011EC8126BC002B005E929B /* AchievementEmptyCollectionViewCell.swift in Sources */,
				84D9369E26B2B22D00E29F12 /* DataLounge.swift in Sources */,
				8405A60026B155E4009D1375 /* CheckEmail.swift in Sources */,
				E06AA42C26B7CE4D00357B01 /* FilterLoungeViewController.swift in Sources */,
				E04E100C26B00A1D00A81F92 /* LoginViewController.swift in Sources */,
				846D97A626CD18B000546A27 /* ExplorePeopleViewController.swift in Sources */,
				E807B2FC26CE6FD800724046 /* CollectionViewCell.swift in Sources */,
				84D9369826B2908F00E29F12 /* CreateLoungeVC.swift in Sources */,
				8445D0B126D8E3C900C56ABE /* TestingSBViewController.swift in Sources */,
				E08F235326BCFBF400D7E0BA /* ChatUser.swift in Sources */,
				BFE80C0B26CF906200FFC9DE /* DataPeople.swift in Sources */,
				E081880926BFC2A700A68633 /* LoadViewFromNib.swift in Sources */,
				8445D0AB26D8D19600C56ABE /* TabBarViewController.swift in Sources */,
				E081880526BFC1C900A68633 /* ProfilePicView.swift in Sources */,
				E8024B2326B94D83004674F3 /* APIResponse.swift in Sources */,
				7C9ECE4226BE64E800DBA826 /* ChatListViewController.swift in Sources */,
				E0E51A3326CD83500084C22E /* ExplorePeopleUIView.swift in Sources */,
				E8024B1F26B941D5004674F3 /* AppError.swift in Sources */,
				7CB18F6A26BD94130065D1CC /* LoadingViewController.swift in Sources */,
				7CB3A25426B2ABDF00259119 /* DetailLoungeViewController.swift in Sources */,
				A80E61E626B421DF005FF4B6 /* AddAchievementViewController.swift in Sources */,
				E8024AFC26B91E0A004674F3 /* NetworkService.swift in Sources */,
				E01EE1E526B818210065F668 /* DetailLoungeCollectionViewCell.swift in Sources */,
				84D9367626B2839A00E29F12 /* ExploreLoungeCell.swift in Sources */,
				E001319B26B533BB00A315EB /* Games.swift in Sources */,
				848FE7DD26CE692B0070AAD1 /* ViewModelExplorePeople.swift in Sources */,
				8405A5F526B15493009D1375 /* StoreDataAuth.swift in Sources */,
				E06ED46626B410E600EC18B0 /* CreateLoungeViewModel.swift in Sources */,
				E0AF776A26D3C1C70095DA01 /* PersonalChatCollectionViewCell.swift in Sources */,
				E0AF775E26D21CC60095DA01 /* ChatPersonalViewController.swift in Sources */,
				84D9368F26B289F500E29F12 /* ChooseGameViewController.swift in Sources */,
				E08F235126BCFBE700D7E0BA /* Chat.swift in Sources */,
				8476093C26CCD42B006B9878 /* GetData.swift in Sources */,
				E8E85A3526D3BA2100610DF2 /* InviteToLoungeViewController.swift in Sources */,
				E08F235526BCFBFF00D7E0BA /* Message.swift in Sources */,
				E01EE1EA26B862EC0065F668 /* LoungeMember.swift in Sources */,
				E0E51A3526CD87940084C22E /* SetImageTextField.swift in Sources */,
				8476092B26C97D0A006B9878 /* AchivementViewModel.swift in Sources */,
				E011EC5B26BBC0FF005E929B /* FilterLoungeModel.swift in Sources */,
				7C75DFCE26B30BAA002400CA /* RoleCollectionViewCell.swift in Sources */,
				E081880D26BFD8CA00A68633 /* EmptyExploreLoungeCollectionViewCell.swift in Sources */,
				846D97A926CE190D00546A27 /* FilterPeopleViewController.swift in Sources */,
				84F30A2A26B7E69600A40BDB /* KickPlayerCollectionViewCell.swift in Sources */,
				84E2B95226D35BE00090D9EC /* ModelPeople.swift in Sources */,
				E081880326BF9FDE00A68633 /* ReplaceCurrentViewController.swift in Sources */,
				E001319626B51EDB00A315EB /* GamesCollectionViewCell.swift in Sources */,
				84D9369026B289F500E29F12 /* GameCollectionViewCell.swift in Sources */,
				7CB18F6526BD93EB0065D1CC /* Struct API.swift in Sources */,
				8476093326CA55C9006B9878 /* ViewModel.swift in Sources */,
				8405A5FC26B155D8009D1375 /* PaddingTextField.swift in Sources */,
				E08F234F26BCFB9E00D7E0BA /* ChatLoungeViewController.swift in Sources */,
				E0E51A2826CCE4E30084C22E /* SetRounded.swift in Sources */,
				84D9367526B2839A00E29F12 /* RequirementExploreLoungeCollectionViewCell.swift in Sources */,
				BF72D14426B401AC00F8DA6D /* AchievementProfileCollectionViewCell.swift in Sources */,
				BF72D14B26B7DE6300F8DA6D /* ChangeBgStackView.swift in Sources */,
				8434498826B8400F00F66A2B /* DataUser.swift in Sources */,
				A80E61E026B3ED40005FF4B6 /* ProfileVisitorViewController.swift in Sources */,
				E860FB2326D4E74900A63CF7 /* loungeListCollectionViewCell.swift in Sources */,
				E09D67C826BE8F4400270C19 /* ListChatLoungeCollectionViewCell.swift in Sources */,
				E8A196E526CF9CD300F69F22 /* InvitationListViewController.swift in Sources */,
				E8A196EE26CF9FBB00F69F22 /* InvitationListCell.swift in Sources */,
				E8024B0226B91FCC004674F3 /* Method.swift in Sources */,
				E0AF776326D3BAC40095DA01 /* LoungeChatListViewController.swift in Sources */,
				84BB975926B12D730024A98B /* AuthLogin.swift in Sources */,
				E8024AFF26B91F26004674F3 /* Route.swift in Sources */,
				848FE7DA26CE67600070AAD1 /* FilterExplorePeopleViewController.swift in Sources */,
				8476093726CCCE60006B9878 /* DataControl.swift in Sources */,
				E09D67CB26BE920A00270C19 /* ChatListViewModel.swift in Sources */,
				E04E0FE126B0058200A81F92 /* AppDelegate.swift in Sources */,
				E0AF776526D3BB030095DA01 /* PersonalChatListViewController.swift in Sources */,
				E04E0FE326B0058200A81F92 /* SceneDelegate.swift in Sources */,
				8476093026CA45F7006B9878 /* Datas.swift in Sources */,
				8405A60226B155FD009D1375 /* PageControl.swift in Sources */,
				E01EE1E826B81D3B0065F668 /* DetailLoungeViewModel.swift in Sources */,
				E0E51A3926CE10F40084C22E /* ExplorePeopleCollectionViewCell.swift in Sources */,
				8405A5F226B1546A009D1375 /* SignUpViewController.swift in Sources */,
				8476093526CCCD9B006B9878 /* CreateGameDetail.swift in Sources */,
				BFCE10CF26B2B4BD00C206B5 /* ProfileUserViewController.swift in Sources */,
				8476093926CCD1FC006B9878 /* ConfigureView.swift in Sources */,
				A80E61E726B421DF005FF4B6 /* EditAchievementViewController.swift in Sources */,
				84D9368426B285A500E29F12 /* Struct.swift in Sources */,
				7C75DFCA26B30727002400CA /* LoungeCollectionViewCell.swift in Sources */,
				84D9368C26B289E500E29F12 /* Game.swift in Sources */,
				7CB18F6326BD93EB0065D1CC /* ViewController.swift in Sources */,
				848FE7D426CE573A0070AAD1 /* LogicDB.swift in Sources */,
				E02FC20926B2B07400963710 /* CreateGameDetailViewController.swift in Sources */,
				E860FB2626D4FD3D00A63CF7 /* InvitationViewModel.swift in Sources */,
				8405A5FE26B155D8009D1375 /* BottomLineTextField.swift in Sources */,
				E02FC20726B174FE00963710 /* DatePicker.swift in Sources */,
				84D9367F26B283EA00E29F12 /* ExploreLoungeViewController.swift in Sources */,
				7CB18F6626BD93EB0065D1CC /* ApiService.swift in Sources */,
				E081881226BFE4A600A68633 /* EmptyListLoungeCollectionViewCell.swift in Sources */,
				E0AF777026D4B52A0095DA01 /* EmptyPersonalChatListCollectionViewCell.swift in Sources */,
				E8024B0626B92322004674F3 /* String+Extension.swift in Sources */,
			);
			runOnlyForDeploymentPostprocessing = 0;
		};
/* End PBXSourcesBuildPhase section */

/* Begin PBXVariantGroup section */
		E04E0FEB26B0058500A81F92 /* LaunchScreen.storyboard */ = {
			isa = PBXVariantGroup;
			children = (
				E04E0FEC26B0058500A81F92 /* Base */,
			);
			name = LaunchScreen.storyboard;
			sourceTree = "<group>";
		};
/* End PBXVariantGroup section */

/* Begin XCBuildConfiguration section */
		E04E0FEF26B0058500A81F92 /* Debug */ = {
			isa = XCBuildConfiguration;
			buildSettings = {
				ALWAYS_SEARCH_USER_PATHS = NO;
				CLANG_ANALYZER_NONNULL = YES;
				CLANG_ANALYZER_NUMBER_OBJECT_CONVERSION = YES_AGGRESSIVE;
				CLANG_CXX_LANGUAGE_STANDARD = "gnu++14";
				CLANG_CXX_LIBRARY = "libc++";
				CLANG_ENABLE_MODULES = YES;
				CLANG_ENABLE_OBJC_ARC = YES;
				CLANG_ENABLE_OBJC_WEAK = YES;
				CLANG_WARN_BLOCK_CAPTURE_AUTORELEASING = YES;
				CLANG_WARN_BOOL_CONVERSION = YES;
				CLANG_WARN_COMMA = YES;
				CLANG_WARN_CONSTANT_CONVERSION = YES;
				CLANG_WARN_DEPRECATED_OBJC_IMPLEMENTATIONS = YES;
				CLANG_WARN_DIRECT_OBJC_ISA_USAGE = YES_ERROR;
				CLANG_WARN_DOCUMENTATION_COMMENTS = YES;
				CLANG_WARN_EMPTY_BODY = YES;
				CLANG_WARN_ENUM_CONVERSION = YES;
				CLANG_WARN_INFINITE_RECURSION = YES;
				CLANG_WARN_INT_CONVERSION = YES;
				CLANG_WARN_NON_LITERAL_NULL_CONVERSION = YES;
				CLANG_WARN_OBJC_IMPLICIT_RETAIN_SELF = YES;
				CLANG_WARN_OBJC_LITERAL_CONVERSION = YES;
				CLANG_WARN_OBJC_ROOT_CLASS = YES_ERROR;
				CLANG_WARN_QUOTED_INCLUDE_IN_FRAMEWORK_HEADER = YES;
				CLANG_WARN_RANGE_LOOP_ANALYSIS = YES;
				CLANG_WARN_STRICT_PROTOTYPES = YES;
				CLANG_WARN_SUSPICIOUS_MOVE = YES;
				CLANG_WARN_UNGUARDED_AVAILABILITY = YES_AGGRESSIVE;
				CLANG_WARN_UNREACHABLE_CODE = YES;
				CLANG_WARN__DUPLICATE_METHOD_MATCH = YES;
				COPY_PHASE_STRIP = NO;
				DEBUG_INFORMATION_FORMAT = dwarf;
				ENABLE_STRICT_OBJC_MSGSEND = YES;
				ENABLE_TESTABILITY = YES;
				GCC_C_LANGUAGE_STANDARD = gnu11;
				GCC_DYNAMIC_NO_PIC = NO;
				GCC_NO_COMMON_BLOCKS = YES;
				GCC_OPTIMIZATION_LEVEL = 0;
				GCC_PREPROCESSOR_DEFINITIONS = (
					"DEBUG=1",
					"$(inherited)",
				);
				GCC_WARN_64_TO_32_BIT_CONVERSION = YES;
				GCC_WARN_ABOUT_RETURN_TYPE = YES_ERROR;
				GCC_WARN_UNDECLARED_SELECTOR = YES;
				GCC_WARN_UNINITIALIZED_AUTOS = YES_AGGRESSIVE;
				GCC_WARN_UNUSED_FUNCTION = YES;
				GCC_WARN_UNUSED_VARIABLE = YES;
				IPHONEOS_DEPLOYMENT_TARGET = 14.5;
				MTL_ENABLE_DEBUG_INFO = INCLUDE_SOURCE;
				MTL_FAST_MATH = YES;
				ONLY_ACTIVE_ARCH = YES;
				SDKROOT = iphoneos;
				SWIFT_ACTIVE_COMPILATION_CONDITIONS = DEBUG;
				SWIFT_OPTIMIZATION_LEVEL = "-Onone";
			};
			name = Debug;
		};
		E04E0FF026B0058500A81F92 /* Release */ = {
			isa = XCBuildConfiguration;
			buildSettings = {
				ALWAYS_SEARCH_USER_PATHS = NO;
				CLANG_ANALYZER_NONNULL = YES;
				CLANG_ANALYZER_NUMBER_OBJECT_CONVERSION = YES_AGGRESSIVE;
				CLANG_CXX_LANGUAGE_STANDARD = "gnu++14";
				CLANG_CXX_LIBRARY = "libc++";
				CLANG_ENABLE_MODULES = YES;
				CLANG_ENABLE_OBJC_ARC = YES;
				CLANG_ENABLE_OBJC_WEAK = YES;
				CLANG_WARN_BLOCK_CAPTURE_AUTORELEASING = YES;
				CLANG_WARN_BOOL_CONVERSION = YES;
				CLANG_WARN_COMMA = YES;
				CLANG_WARN_CONSTANT_CONVERSION = YES;
				CLANG_WARN_DEPRECATED_OBJC_IMPLEMENTATIONS = YES;
				CLANG_WARN_DIRECT_OBJC_ISA_USAGE = YES_ERROR;
				CLANG_WARN_DOCUMENTATION_COMMENTS = YES;
				CLANG_WARN_EMPTY_BODY = YES;
				CLANG_WARN_ENUM_CONVERSION = YES;
				CLANG_WARN_INFINITE_RECURSION = YES;
				CLANG_WARN_INT_CONVERSION = YES;
				CLANG_WARN_NON_LITERAL_NULL_CONVERSION = YES;
				CLANG_WARN_OBJC_IMPLICIT_RETAIN_SELF = YES;
				CLANG_WARN_OBJC_LITERAL_CONVERSION = YES;
				CLANG_WARN_OBJC_ROOT_CLASS = YES_ERROR;
				CLANG_WARN_QUOTED_INCLUDE_IN_FRAMEWORK_HEADER = YES;
				CLANG_WARN_RANGE_LOOP_ANALYSIS = YES;
				CLANG_WARN_STRICT_PROTOTYPES = YES;
				CLANG_WARN_SUSPICIOUS_MOVE = YES;
				CLANG_WARN_UNGUARDED_AVAILABILITY = YES_AGGRESSIVE;
				CLANG_WARN_UNREACHABLE_CODE = YES;
				CLANG_WARN__DUPLICATE_METHOD_MATCH = YES;
				COPY_PHASE_STRIP = NO;
				DEBUG_INFORMATION_FORMAT = "dwarf-with-dsym";
				ENABLE_NS_ASSERTIONS = NO;
				ENABLE_STRICT_OBJC_MSGSEND = YES;
				GCC_C_LANGUAGE_STANDARD = gnu11;
				GCC_NO_COMMON_BLOCKS = YES;
				GCC_WARN_64_TO_32_BIT_CONVERSION = YES;
				GCC_WARN_ABOUT_RETURN_TYPE = YES_ERROR;
				GCC_WARN_UNDECLARED_SELECTOR = YES;
				GCC_WARN_UNINITIALIZED_AUTOS = YES_AGGRESSIVE;
				GCC_WARN_UNUSED_FUNCTION = YES;
				GCC_WARN_UNUSED_VARIABLE = YES;
				IPHONEOS_DEPLOYMENT_TARGET = 14.5;
				MTL_ENABLE_DEBUG_INFO = NO;
				MTL_FAST_MATH = YES;
				SDKROOT = iphoneos;
				SWIFT_COMPILATION_MODE = wholemodule;
				SWIFT_OPTIMIZATION_LEVEL = "-O";
				VALIDATE_PRODUCT = YES;
			};
			name = Release;
		};
		E04E0FF226B0058500A81F92 /* Debug */ = {
			isa = XCBuildConfiguration;
			baseConfigurationReference = 7335D301D0FC1C77547D8B15 /* Pods-GConnect.debug.xcconfig */;
			buildSettings = {
				ASSETCATALOG_COMPILER_APPICON_NAME = AppIcon;
				ASSETCATALOG_COMPILER_GLOBAL_ACCENT_COLOR_NAME = AccentColor;
				CODE_SIGN_ENTITLEMENTS = GConnect/GConnect.entitlements;
				CODE_SIGN_STYLE = Automatic;
				CURRENT_PROJECT_VERSION = 7;
				DEVELOPMENT_TEAM = 99GMPVPXYW;
				INFOPLIST_FILE = GConnect/Info.plist;
				IPHONEOS_DEPLOYMENT_TARGET = 14.4;
				LD_RUNPATH_SEARCH_PATHS = (
					"$(inherited)",
					"@executable_path/Frameworks",
				);
				PRODUCT_BUNDLE_IDENTIFIER = co.VincentMeidianto.Gconnect;
				PRODUCT_NAME = "$(TARGET_NAME)";
				SWIFT_VERSION = 5.0;
				TARGETED_DEVICE_FAMILY = 1;
			};
			name = Debug;
		};
		E04E0FF326B0058500A81F92 /* Release */ = {
			isa = XCBuildConfiguration;
			baseConfigurationReference = C092DB4CBC1EC1413549CEB6 /* Pods-GConnect.release.xcconfig */;
			buildSettings = {
				ASSETCATALOG_COMPILER_APPICON_NAME = AppIcon;
				ASSETCATALOG_COMPILER_GLOBAL_ACCENT_COLOR_NAME = AccentColor;
				CODE_SIGN_ENTITLEMENTS = GConnect/GConnect.entitlements;
				CODE_SIGN_STYLE = Automatic;
				CURRENT_PROJECT_VERSION = 7;
				DEVELOPMENT_TEAM = 99GMPVPXYW;
				INFOPLIST_FILE = GConnect/Info.plist;
				IPHONEOS_DEPLOYMENT_TARGET = 14.4;
				LD_RUNPATH_SEARCH_PATHS = (
					"$(inherited)",
					"@executable_path/Frameworks",
				);
				PRODUCT_BUNDLE_IDENTIFIER = co.VincentMeidianto.Gconnect;
				PRODUCT_NAME = "$(TARGET_NAME)";
				SWIFT_VERSION = 5.0;
				TARGETED_DEVICE_FAMILY = 1;
			};
			name = Release;
		};
/* End XCBuildConfiguration section */

/* Begin XCConfigurationList section */
		E04E0FD826B0058200A81F92 /* Build configuration list for PBXProject "GConnect" */ = {
			isa = XCConfigurationList;
			buildConfigurations = (
				E04E0FEF26B0058500A81F92 /* Debug */,
				E04E0FF026B0058500A81F92 /* Release */,
			);
			defaultConfigurationIsVisible = 0;
			defaultConfigurationName = Release;
		};
		E04E0FF126B0058500A81F92 /* Build configuration list for PBXNativeTarget "GConnect" */ = {
			isa = XCConfigurationList;
			buildConfigurations = (
				E04E0FF226B0058500A81F92 /* Debug */,
				E04E0FF326B0058500A81F92 /* Release */,
			);
			defaultConfigurationIsVisible = 0;
			defaultConfigurationName = Release;
		};
/* End XCConfigurationList section */
	};
	rootObject = E04E0FD526B0058200A81F92 /* Project object */;
}
